// !$*UTF8*$!
{
	archiveVersion = 1;
	classes = {
	};
	objectVersion = 77;
	objects = {

/* Begin PBXBuildFile section */
		07359B4E2519327F6B826245 /* SystemAudioPlaybackService.swift in Sources */ = {isa = PBXBuildFile; fileRef = 14D492872A306EA6A2AA7523 /* SystemAudioPlaybackService.swift */; };
		0F6B36BA02955D86BAF59BD5 /* SpotifyWebViewStore.swift in Sources */ = {isa = PBXBuildFile; fileRef = 6E3C230852B2B4EF5DC77156 /* SpotifyWebViewStore.swift */; };
		102693207E1C7DB7E10F3A3C /* SpotifyScriptRunner.swift in Sources */ = {isa = PBXBuildFile; fileRef = C2C4A6657B19A76099CE0808 /* SpotifyScriptRunner.swift */; };
		10F5AD8C23DB9371013CE4DD /* YouTubeMusicBrowserView.swift in Sources */ = {isa = PBXBuildFile; fileRef = EC957A36F44C6B98396DC947 /* YouTubeMusicBrowserView.swift */; };
		1541EE70C59B10C54FA94D02 /* MainViewModelTests.swift in Sources */ = {isa = PBXBuildFile; fileRef = 04DFBBB68BB027FD35353D38 /* MainViewModelTests.swift */; };
		159EE53DC9F4EEB114081297 /* InfoPlist.strings in Resources */ = {isa = PBXBuildFile; fileRef = 923FC1F620B94EA9A239D1F8 /* InfoPlist.strings */; };
		1B36E1DDDCCC04D2FE2498D5 /* RadioOrchestrator.swift in Sources */ = {isa = PBXBuildFile; fileRef = E6B1B7619C3D915FACE380A8 /* RadioOrchestrator.swift */; };
		1BEA39718509A107655F29FE /* YouTubeMusicPlayerController.swift in Sources */ = {isa = PBXBuildFile; fileRef = 505448C147DCED5EAB760ABA /* YouTubeMusicPlayerController.swift */; };
		1DEB739D9A1F4BB249AED19C /* TestModeScriptGenerationService.swift in Sources */ = {isa = PBXBuildFile; fileRef = D99C0CE2E53E9B0F7EAE4EDE /* TestModeScriptGenerationService.swift */; };
		2412F9D20338BF2D29ED8F47 /* agentbooth.icon in Resources */ = {isa = PBXBuildFile; fileRef = 3695314D2707876818736936 /* agentbooth.icon */; };
		24B146DB329FC4B4AFB410F6 /* TTSCredentialSetsEditor.swift in Sources */ = {isa = PBXBuildFile; fileRef = EB05E2F5F6192C615B028634 /* TTSCredentialSetsEditor.swift */; };
		28FEDEF8052BDD5EC3595331 /* YouTubeMusicBrowserWindow.swift in Sources */ = {isa = PBXBuildFile; fileRef = E2EC10CAED3ACBAE47308EB1 /* YouTubeMusicBrowserWindow.swift */; };
		294A4688A57ABCE46E0FBA5F /* PrimaryControlStateTests.swift in Sources */ = {isa = PBXBuildFile; fileRef = 9F54AA8BB74E6BC36C6C2F80 /* PrimaryControlStateTests.swift */; };
		2B612CD3B5D35CCC240681E5 /* SpotifyDOMModels.swift in Sources */ = {isa = PBXBuildFile; fileRef = A73172906FA5788B6E8D1722 /* SpotifyDOMModels.swift */; };
		2BFFB6D78A1FEE04832B17F6 /* Models.swift in Sources */ = {isa = PBXBuildFile; fileRef = F7C39922A308CE75BF0D1D5E /* Models.swift */; };
		317EB41280CA3DC0D5B8EEE7 /* Protocols.swift in Sources */ = {isa = PBXBuildFile; fileRef = B7702F727F0D28028A7BA9A3 /* Protocols.swift */; };
		334D851AD4987EDC07AE9045 /* YouTubeMusicWebViewStore.swift in Sources */ = {isa = PBXBuildFile; fileRef = 53C3B84DC9810AA270ECA415 /* YouTubeMusicWebViewStore.swift */; };
		355D80EDF9B40A776C2E192D /* NowPlayingBar.swift in Sources */ = {isa = PBXBuildFile; fileRef = B8A3EC2F5B06B360F429E4CC /* NowPlayingBar.swift */; };
		3B60952A6D03E382F8B7FBDF /* RadioOrchestratorTests.swift in Sources */ = {isa = PBXBuildFile; fileRef = 27E98AD1A98918B62A79EF2C /* RadioOrchestratorTests.swift */; };
		3EFE8DA04411390A5860523A /* AgentBoothApp.swift in Sources */ = {isa = PBXBuildFile; fileRef = F495016F14804CDB1C59A40E /* AgentBoothApp.swift */; };
		4522F62CB093FF281D651C07 /* AppServiceContainer.swift in Sources */ = {isa = PBXBuildFile; fileRef = 9D35E02C5B682EEB663412C1 /* AppServiceContainer.swift */; };
		4692DE91A11C64755EEF0A3A /* AppleScriptExecutor.swift in Sources */ = {isa = PBXBuildFile; fileRef = B0034334CB53C3E7CE0213C8 /* AppleScriptExecutor.swift */; };
		483EF38C595DEDECE64A292A /* MainViewModel.swift in Sources */ = {isa = PBXBuildFile; fileRef = 3D295064BBE2EC05B0F44A82 /* MainViewModel.swift */; };
		53B398DE31C40A8892A018FB /* SpotifyDOMModelsTests.swift in Sources */ = {isa = PBXBuildFile; fileRef = 2139F826E9784613C9F829D7 /* SpotifyDOMModelsTests.swift */; };
		57918480D551301E9AC01429 /* AppSettingsStore.swift in Sources */ = {isa = PBXBuildFile; fileRef = D13682AE7052945E83EEA4E7 /* AppSettingsStore.swift */; };
		60F641F5B882326551B806D8 /* SpotifyDOMScripts.swift in Sources */ = {isa = PBXBuildFile; fileRef = 429B24A26CC85B5FE930CC56 /* SpotifyDOMScripts.swift */; };
		67563E5F16E7CC7B56A9D8E1 /* YouTubeMusicAPIFetcher.swift in Sources */ = {isa = PBXBuildFile; fileRef = 65C1004D29E40131ADA88988 /* YouTubeMusicAPIFetcher.swift */; };
		6A03426E5CBD3D577F1B2A7E /* YouTubeMusicLoginViewModel.swift in Sources */ = {isa = PBXBuildFile; fileRef = B0006EEE51C46F3CE4BB4DB9 /* YouTubeMusicLoginViewModel.swift */; };
		6CC2B90D70D8E8CA136B3252 /* KeychainStore.swift in Sources */ = {isa = PBXBuildFile; fileRef = D1573B77F7AE6E162EDACC0D /* KeychainStore.swift */; };
		7D84E7A8CF330A6F91EA20AB /* PromptBuilder.swift in Sources */ = {isa = PBXBuildFile; fileRef = 3581E582CF14B056EA04E774 /* PromptBuilder.swift */; };
		8AFA2989D3540DB0ED7B825F /* ProcessScriptGenerationServiceTests.swift in Sources */ = {isa = PBXBuildFile; fileRef = 6D45EE85DD43B3284D3DDD5D /* ProcessScriptGenerationServiceTests.swift */; };
		905708471A8F991C459FEE98 /* SystemAudioCaptureService.swift in Sources */ = {isa = PBXBuildFile; fileRef = FEA355C20325E27B5D2555F3 /* SystemAudioCaptureService.swift */; };
		93C17D9F6CBADB0C5048B313 /* SpotifyMusicService.swift in Sources */ = {isa = PBXBuildFile; fileRef = 3C3F43408FD0E46636FFFE94 /* SpotifyMusicService.swift */; };
		9792D589885A62488DC945DC /* GeminiTTSService.swift in Sources */ = {isa = PBXBuildFile; fileRef = 0B009A546A5FAF2C679BE410 /* GeminiTTSService.swift */; };
		A00C081B0916E172E5067D44 /* YouTubeMusicService.swift in Sources */ = {isa = PBXBuildFile; fileRef = A703B9C53D2B555D308819FF /* YouTubeMusicService.swift */; };
		A4813849F1A19B657F6A4FD2 /* Localizable.strings in Resources */ = {isa = PBXBuildFile; fileRef = CCE6F6D9D1ABD6A1F577A60C /* Localizable.strings */; };
		A783BF60A1667BB793FF49FB /* ScreenCaptureKit.framework in Frameworks */ = {isa = PBXBuildFile; fileRef = 571281CD47E4CA30F6996F0D /* ScreenCaptureKit.framework */; };
		ABF166875ADD020AD3EBC2D1 /* CoreMedia.framework in Frameworks */ = {isa = PBXBuildFile; fileRef = 58975426E0097C0CFE155B8E /* CoreMedia.framework */; };
		AFCF917E7CA4BE98C2E962A2 /* GeminiRetryPolicyTests.swift in Sources */ = {isa = PBXBuildFile; fileRef = F47BCB8F69019993CC11840A /* GeminiRetryPolicyTests.swift */; };
		B670E7A19D095C07893A8C12 /* YouTubeMusicScriptRunner.swift in Sources */ = {isa = PBXBuildFile; fileRef = A725F59DE59B73646C65CC43 /* YouTubeMusicScriptRunner.swift */; };
		C2BA66ACF0124BA3C94EA297 /* AppleMusicArtworkFetcher.swift in Sources */ = {isa = PBXBuildFile; fileRef = 3EF3A71B2437BB5FED77AE05 /* AppleMusicArtworkFetcher.swift */; };
		C2E203168E6B66F11C887BE9 /* ScriptCommandBuilderTests.swift in Sources */ = {isa = PBXBuildFile; fileRef = 6F5D52E2FA62950A58A1322C /* ScriptCommandBuilderTests.swift */; };
		C3C62647B02BF4B636812DA3 /* AppleMusicService.swift in Sources */ = {isa = PBXBuildFile; fileRef = 8EDB07082B0F31540781BF85 /* AppleMusicService.swift */; };
		CC726DE4D6A1B58CDA421BDE /* AVFoundation.framework in Frameworks */ = {isa = PBXBuildFile; fileRef = 53A10060D47AD1B4B46BF389 /* AVFoundation.framework */; };
		CEF08F738F2B68570DFDB571 /* TestModeTTSService.swift in Sources */ = {isa = PBXBuildFile; fileRef = 5F65490B3FD4C7721C60A28C /* TestModeTTSService.swift */; };
		CF0D5E1367928F78F888ACE7 /* TrackListView.swift in Sources */ = {isa = PBXBuildFile; fileRef = EF8FF523BCB76DB850B6E7E2 /* TrackListView.swift */; };
		D1DC639BE636543B5F2105E7 /* GeminiTTSServiceTests.swift in Sources */ = {isa = PBXBuildFile; fileRef = 79121E2CCE8361593D62BDBA /* GeminiTTSServiceTests.swift */; };
		D4C1220AB0348360F51FD183 /* YouTubeMusicJSScripts.swift in Sources */ = {isa = PBXBuildFile; fileRef = D53DEEF6D66DA1AF40C8B6CB /* YouTubeMusicJSScripts.swift */; };
		DA88A4F31020487B98A74E50 /* SpotifyLoginViewModel.swift in Sources */ = {isa = PBXBuildFile; fileRef = 5757CF1C6A91CB9099967AB3 /* SpotifyLoginViewModel.swift */; };
		DCE0F83758699C7A9C3CD6E7 /* TestDoubles.swift in Sources */ = {isa = PBXBuildFile; fileRef = 943AD41DD032953E321C5B2E /* TestDoubles.swift */; };
		DDD6D76DE783A43D072FC600 /* SettingsView.swift in Sources */ = {isa = PBXBuildFile; fileRef = 0F8CB3678DB8059939D9C8C5 /* SettingsView.swift */; };
		E01A194D757B60EF31AEA51A /* AppSettingsStoreTests.swift in Sources */ = {isa = PBXBuildFile; fileRef = 338C31B22A2D0900BCEC030C /* AppSettingsStoreTests.swift */; };
		E0FAE1567D838876CF736668 /* ProcessScriptGenerationService.swift in Sources */ = {isa = PBXBuildFile; fileRef = 69967660B4C14A8BFACF20F7 /* ProcessScriptGenerationService.swift */; };
		E79C9EEA74E219FEBB943867 /* ContentView.swift in Sources */ = {isa = PBXBuildFile; fileRef = 6660A0E06C3D5BB0B6620C55 /* ContentView.swift */; };
		F417194D93CF0362E6816279 /* SpotifyBrowserView.swift in Sources */ = {isa = PBXBuildFile; fileRef = B1805E0CA7CF453148013870 /* SpotifyBrowserView.swift */; };
		F6AB525CD75A66D466A8B0E6 /* TestModeAudioPlaybackService.swift in Sources */ = {isa = PBXBuildFile; fileRef = 03AA8D4295F6E5709444B93C /* TestModeAudioPlaybackService.swift */; };
		FC8D9E4AA5BF1D81F914D33E /* SpotifyBrowserWindow.swift in Sources */ = {isa = PBXBuildFile; fileRef = 4091AEFDEC8ED74F20F35BC1 /* SpotifyBrowserWindow.swift */; };
/* End PBXBuildFile section */

/* Begin PBXContainerItemProxy section */
		9A0DE15F334F4CD2B0B7169A /* PBXContainerItemProxy */ = {
			isa = PBXContainerItemProxy;
			containerPortal = 08494898E4A4512F4D6DA865 /* Project object */;
			proxyType = 1;
			remoteGlobalIDString = 6E51503FBC971898DEDB9525;
			remoteInfo = AgentBooth;
		};
/* End PBXContainerItemProxy section */

/* Begin PBXFileReference section */
		03AA8D4295F6E5709444B93C /* TestModeAudioPlaybackService.swift */ = {isa = PBXFileReference; lastKnownFileType = sourcecode.swift; path = TestModeAudioPlaybackService.swift; sourceTree = "<group>"; };
		04DFBBB68BB027FD35353D38 /* MainViewModelTests.swift */ = {isa = PBXFileReference; lastKnownFileType = sourcecode.swift; path = MainViewModelTests.swift; sourceTree = "<group>"; };
		0B009A546A5FAF2C679BE410 /* GeminiTTSService.swift */ = {isa = PBXFileReference; lastKnownFileType = sourcecode.swift; path = GeminiTTSService.swift; sourceTree = "<group>"; };
		0F8CB3678DB8059939D9C8C5 /* SettingsView.swift */ = {isa = PBXFileReference; lastKnownFileType = sourcecode.swift; path = SettingsView.swift; sourceTree = "<group>"; };
		14D492872A306EA6A2AA7523 /* SystemAudioPlaybackService.swift */ = {isa = PBXFileReference; lastKnownFileType = sourcecode.swift; path = SystemAudioPlaybackService.swift; sourceTree = "<group>"; };
		2139F826E9784613C9F829D7 /* SpotifyDOMModelsTests.swift */ = {isa = PBXFileReference; lastKnownFileType = sourcecode.swift; path = SpotifyDOMModelsTests.swift; sourceTree = "<group>"; };
		217B8B55154291EFF70A5181 /* en */ = {isa = PBXFileReference; lastKnownFileType = text.plist.strings; name = en; path = en.lproj/InfoPlist.strings; sourceTree = "<group>"; };
		27E98AD1A98918B62A79EF2C /* RadioOrchestratorTests.swift */ = {isa = PBXFileReference; lastKnownFileType = sourcecode.swift; path = RadioOrchestratorTests.swift; sourceTree = "<group>"; };
		338C31B22A2D0900BCEC030C /* AppSettingsStoreTests.swift */ = {isa = PBXFileReference; lastKnownFileType = sourcecode.swift; path = AppSettingsStoreTests.swift; sourceTree = "<group>"; };
		3581E582CF14B056EA04E774 /* PromptBuilder.swift */ = {isa = PBXFileReference; lastKnownFileType = sourcecode.swift; path = PromptBuilder.swift; sourceTree = "<group>"; };
		3695314D2707876818736936 /* agentbooth.icon */ = {isa = PBXFileReference; lastKnownFileType = wrapper.icon; path = agentbooth.icon; sourceTree = "<group>"; };
		39F21B8232267DD95ED4A06E /* ja */ = {isa = PBXFileReference; lastKnownFileType = text.plist.strings; name = ja; path = ja.lproj/Localizable.strings; sourceTree = "<group>"; };
		3C3F43408FD0E46636FFFE94 /* SpotifyMusicService.swift */ = {isa = PBXFileReference; lastKnownFileType = sourcecode.swift; path = SpotifyMusicService.swift; sourceTree = "<group>"; };
		3D295064BBE2EC05B0F44A82 /* MainViewModel.swift */ = {isa = PBXFileReference; lastKnownFileType = sourcecode.swift; path = MainViewModel.swift; sourceTree = "<group>"; };
		3EF3A71B2437BB5FED77AE05 /* AppleMusicArtworkFetcher.swift */ = {isa = PBXFileReference; lastKnownFileType = sourcecode.swift; path = AppleMusicArtworkFetcher.swift; sourceTree = "<group>"; };
		4091AEFDEC8ED74F20F35BC1 /* SpotifyBrowserWindow.swift */ = {isa = PBXFileReference; lastKnownFileType = sourcecode.swift; path = SpotifyBrowserWindow.swift; sourceTree = "<group>"; };
		429B24A26CC85B5FE930CC56 /* SpotifyDOMScripts.swift */ = {isa = PBXFileReference; lastKnownFileType = sourcecode.swift; path = SpotifyDOMScripts.swift; sourceTree = "<group>"; };
		505448C147DCED5EAB760ABA /* YouTubeMusicPlayerController.swift */ = {isa = PBXFileReference; lastKnownFileType = sourcecode.swift; path = YouTubeMusicPlayerController.swift; sourceTree = "<group>"; };
		53A10060D47AD1B4B46BF389 /* AVFoundation.framework */ = {isa = PBXFileReference; lastKnownFileType = wrapper.framework; name = AVFoundation.framework; path = System/Library/Frameworks/AVFoundation.framework; sourceTree = SDKROOT; };
		53C3B84DC9810AA270ECA415 /* YouTubeMusicWebViewStore.swift */ = {isa = PBXFileReference; lastKnownFileType = sourcecode.swift; path = YouTubeMusicWebViewStore.swift; sourceTree = "<group>"; };
		571281CD47E4CA30F6996F0D /* ScreenCaptureKit.framework */ = {isa = PBXFileReference; lastKnownFileType = wrapper.framework; name = ScreenCaptureKit.framework; path = System/Library/Frameworks/ScreenCaptureKit.framework; sourceTree = SDKROOT; };
		5757CF1C6A91CB9099967AB3 /* SpotifyLoginViewModel.swift */ = {isa = PBXFileReference; lastKnownFileType = sourcecode.swift; path = SpotifyLoginViewModel.swift; sourceTree = "<group>"; };
		58975426E0097C0CFE155B8E /* CoreMedia.framework */ = {isa = PBXFileReference; lastKnownFileType = wrapper.framework; name = CoreMedia.framework; path = System/Library/Frameworks/CoreMedia.framework; sourceTree = SDKROOT; };
		5F65490B3FD4C7721C60A28C /* TestModeTTSService.swift */ = {isa = PBXFileReference; lastKnownFileType = sourcecode.swift; path = TestModeTTSService.swift; sourceTree = "<group>"; };
		633C58B34ED2C9421B9AEAB3 /* AgentBooth.entitlements */ = {isa = PBXFileReference; lastKnownFileType = text.plist.entitlements; path = AgentBooth.entitlements; sourceTree = "<group>"; };
		65C1004D29E40131ADA88988 /* YouTubeMusicAPIFetcher.swift */ = {isa = PBXFileReference; lastKnownFileType = sourcecode.swift; path = YouTubeMusicAPIFetcher.swift; sourceTree = "<group>"; };
		6660A0E06C3D5BB0B6620C55 /* ContentView.swift */ = {isa = PBXFileReference; lastKnownFileType = sourcecode.swift; path = ContentView.swift; sourceTree = "<group>"; };
		69967660B4C14A8BFACF20F7 /* ProcessScriptGenerationService.swift */ = {isa = PBXFileReference; lastKnownFileType = sourcecode.swift; path = ProcessScriptGenerationService.swift; sourceTree = "<group>"; };
		6D45EE85DD43B3284D3DDD5D /* ProcessScriptGenerationServiceTests.swift */ = {isa = PBXFileReference; lastKnownFileType = sourcecode.swift; path = ProcessScriptGenerationServiceTests.swift; sourceTree = "<group>"; };
		6E3C230852B2B4EF5DC77156 /* SpotifyWebViewStore.swift */ = {isa = PBXFileReference; lastKnownFileType = sourcecode.swift; path = SpotifyWebViewStore.swift; sourceTree = "<group>"; };
		6F5D52E2FA62950A58A1322C /* ScriptCommandBuilderTests.swift */ = {isa = PBXFileReference; lastKnownFileType = sourcecode.swift; path = ScriptCommandBuilderTests.swift; sourceTree = "<group>"; };
		79121E2CCE8361593D62BDBA /* GeminiTTSServiceTests.swift */ = {isa = PBXFileReference; lastKnownFileType = sourcecode.swift; path = GeminiTTSServiceTests.swift; sourceTree = "<group>"; };
		850ED65A096909F8BB2135BB /* en */ = {isa = PBXFileReference; lastKnownFileType = text.plist.strings; name = en; path = en.lproj/Localizable.strings; sourceTree = "<group>"; };
		8EDB07082B0F31540781BF85 /* AppleMusicService.swift */ = {isa = PBXFileReference; lastKnownFileType = sourcecode.swift; path = AppleMusicService.swift; sourceTree = "<group>"; };
		943AD41DD032953E321C5B2E /* TestDoubles.swift */ = {isa = PBXFileReference; lastKnownFileType = sourcecode.swift; path = TestDoubles.swift; sourceTree = "<group>"; };
		9D35E02C5B682EEB663412C1 /* AppServiceContainer.swift */ = {isa = PBXFileReference; lastKnownFileType = sourcecode.swift; path = AppServiceContainer.swift; sourceTree = "<group>"; };
		9F54AA8BB74E6BC36C6C2F80 /* PrimaryControlStateTests.swift */ = {isa = PBXFileReference; lastKnownFileType = sourcecode.swift; path = PrimaryControlStateTests.swift; sourceTree = "<group>"; };
		A703B9C53D2B555D308819FF /* YouTubeMusicService.swift */ = {isa = PBXFileReference; lastKnownFileType = sourcecode.swift; path = YouTubeMusicService.swift; sourceTree = "<group>"; };
		A725F59DE59B73646C65CC43 /* YouTubeMusicScriptRunner.swift */ = {isa = PBXFileReference; lastKnownFileType = sourcecode.swift; path = YouTubeMusicScriptRunner.swift; sourceTree = "<group>"; };
		A73172906FA5788B6E8D1722 /* SpotifyDOMModels.swift */ = {isa = PBXFileReference; lastKnownFileType = sourcecode.swift; path = SpotifyDOMModels.swift; sourceTree = "<group>"; };
		B0006EEE51C46F3CE4BB4DB9 /* YouTubeMusicLoginViewModel.swift */ = {isa = PBXFileReference; lastKnownFileType = sourcecode.swift; path = YouTubeMusicLoginViewModel.swift; sourceTree = "<group>"; };
		B0034334CB53C3E7CE0213C8 /* AppleScriptExecutor.swift */ = {isa = PBXFileReference; lastKnownFileType = sourcecode.swift; path = AppleScriptExecutor.swift; sourceTree = "<group>"; };
		B1805E0CA7CF453148013870 /* SpotifyBrowserView.swift */ = {isa = PBXFileReference; lastKnownFileType = sourcecode.swift; path = SpotifyBrowserView.swift; sourceTree = "<group>"; };
		B7702F727F0D28028A7BA9A3 /* Protocols.swift */ = {isa = PBXFileReference; lastKnownFileType = sourcecode.swift; path = Protocols.swift; sourceTree = "<group>"; };
		B8A3EC2F5B06B360F429E4CC /* NowPlayingBar.swift */ = {isa = PBXFileReference; lastKnownFileType = sourcecode.swift; path = NowPlayingBar.swift; sourceTree = "<group>"; };
		C2C4A6657B19A76099CE0808 /* SpotifyScriptRunner.swift */ = {isa = PBXFileReference; lastKnownFileType = sourcecode.swift; path = SpotifyScriptRunner.swift; sourceTree = "<group>"; };
		D13682AE7052945E83EEA4E7 /* AppSettingsStore.swift */ = {isa = PBXFileReference; lastKnownFileType = sourcecode.swift; path = AppSettingsStore.swift; sourceTree = "<group>"; };
		D1573B77F7AE6E162EDACC0D /* KeychainStore.swift */ = {isa = PBXFileReference; lastKnownFileType = sourcecode.swift; path = KeychainStore.swift; sourceTree = "<group>"; };
		D499D54135ECCF1B538D617F /* DevelopmentTeam.xcconfig */ = {isa = PBXFileReference; lastKnownFileType = text.xcconfig; path = DevelopmentTeam.xcconfig; sourceTree = "<group>"; };
		D53DEEF6D66DA1AF40C8B6CB /* YouTubeMusicJSScripts.swift */ = {isa = PBXFileReference; lastKnownFileType = sourcecode.swift; path = YouTubeMusicJSScripts.swift; sourceTree = "<group>"; };
		D99C0CE2E53E9B0F7EAE4EDE /* TestModeScriptGenerationService.swift */ = {isa = PBXFileReference; lastKnownFileType = sourcecode.swift; path = TestModeScriptGenerationService.swift; sourceTree = "<group>"; };
		E2EC10CAED3ACBAE47308EB1 /* YouTubeMusicBrowserWindow.swift */ = {isa = PBXFileReference; lastKnownFileType = sourcecode.swift; path = YouTubeMusicBrowserWindow.swift; sourceTree = "<group>"; };
		E3BD548FFD67212BA64CAF3B /* AgentBoothTests.xctest */ = {isa = PBXFileReference; explicitFileType = wrapper.cfbundle; includeInIndex = 0; path = AgentBoothTests.xctest; sourceTree = BUILT_PRODUCTS_DIR; };
		E631FA254CDC04930FA07299 /* ja */ = {isa = PBXFileReference; lastKnownFileType = text.plist.strings; name = ja; path = ja.lproj/InfoPlist.strings; sourceTree = "<group>"; };
		E6B1B7619C3D915FACE380A8 /* RadioOrchestrator.swift */ = {isa = PBXFileReference; lastKnownFileType = sourcecode.swift; path = RadioOrchestrator.swift; sourceTree = "<group>"; };
		E8950BBEDA233AFFA12AC842 /* AgentBooth.app */ = {isa = PBXFileReference; explicitFileType = wrapper.application; includeInIndex = 0; path = AgentBooth.app; sourceTree = BUILT_PRODUCTS_DIR; };
		EB05E2F5F6192C615B028634 /* TTSCredentialSetsEditor.swift */ = {isa = PBXFileReference; lastKnownFileType = sourcecode.swift; path = TTSCredentialSetsEditor.swift; sourceTree = "<group>"; };
		EC957A36F44C6B98396DC947 /* YouTubeMusicBrowserView.swift */ = {isa = PBXFileReference; lastKnownFileType = sourcecode.swift; path = YouTubeMusicBrowserView.swift; sourceTree = "<group>"; };
		EF8FF523BCB76DB850B6E7E2 /* TrackListView.swift */ = {isa = PBXFileReference; lastKnownFileType = sourcecode.swift; path = TrackListView.swift; sourceTree = "<group>"; };
		F47BCB8F69019993CC11840A /* GeminiRetryPolicyTests.swift */ = {isa = PBXFileReference; lastKnownFileType = sourcecode.swift; path = GeminiRetryPolicyTests.swift; sourceTree = "<group>"; };
		F495016F14804CDB1C59A40E /* AgentBoothApp.swift */ = {isa = PBXFileReference; lastKnownFileType = sourcecode.swift; path = AgentBoothApp.swift; sourceTree = "<group>"; };
		F7C39922A308CE75BF0D1D5E /* Models.swift */ = {isa = PBXFileReference; lastKnownFileType = sourcecode.swift; path = Models.swift; sourceTree = "<group>"; };
		FEA355C20325E27B5D2555F3 /* SystemAudioCaptureService.swift */ = {isa = PBXFileReference; lastKnownFileType = sourcecode.swift; path = SystemAudioCaptureService.swift; sourceTree = "<group>"; };
/* End PBXFileReference section */

/* Begin PBXFrameworksBuildPhase section */
		6E3895F76428CEBD92202513 /* Frameworks */ = {
			isa = PBXFrameworksBuildPhase;
			buildActionMask = 2147483647;
			files = (
				A783BF60A1667BB793FF49FB /* ScreenCaptureKit.framework in Frameworks */,
				CC726DE4D6A1B58CDA421BDE /* AVFoundation.framework in Frameworks */,
				ABF166875ADD020AD3EBC2D1 /* CoreMedia.framework in Frameworks */,
			);
			runOnlyForDeploymentPostprocessing = 0;
		};
/* End PBXFrameworksBuildPhase section */

/* Begin PBXGroup section */
		052903E6DE3A402F94B8DB42 /* App */ = {
			isa = PBXGroup;
			children = (
				F495016F14804CDB1C59A40E /* AgentBoothApp.swift */,
				9D35E02C5B682EEB663412C1 /* AppServiceContainer.swift */,
			);
			path = App;
			sourceTree = "<group>";
		};
		0DADC5CB437B016001D87605 /* Domain */ = {
			isa = PBXGroup;
			children = (
				F7C39922A308CE75BF0D1D5E /* Models.swift */,
				B7702F727F0D28028A7BA9A3 /* Protocols.swift */,
			);
			path = Domain;
			sourceTree = "<group>";
		};
		1C710841CF2DCAFD87ED0DB5 /* Music */ = {
			isa = PBXGroup;
			children = (
				8EDB07082B0F31540781BF85 /* AppleMusicService.swift */,
				A73172906FA5788B6E8D1722 /* SpotifyDOMModels.swift */,
				3C3F43408FD0E46636FFFE94 /* SpotifyMusicService.swift */,
				6E3C230852B2B4EF5DC77156 /* SpotifyWebViewStore.swift */,
				65C1004D29E40131ADA88988 /* YouTubeMusicAPIFetcher.swift */,
				505448C147DCED5EAB760ABA /* YouTubeMusicPlayerController.swift */,
				A703B9C53D2B555D308819FF /* YouTubeMusicService.swift */,
				53C3B84DC9810AA270ECA415 /* YouTubeMusicWebViewStore.swift */,
			);
			path = Music;
			sourceTree = "<group>";
		};
		1DD8CB335B44E1CAC28AE0B5 /* Script */ = {
			isa = PBXGroup;
			children = (
				69967660B4C14A8BFACF20F7 /* ProcessScriptGenerationService.swift */,
				3581E582CF14B056EA04E774 /* PromptBuilder.swift */,
				D99C0CE2E53E9B0F7EAE4EDE /* TestModeScriptGenerationService.swift */,
			);
			path = Script;
			sourceTree = "<group>";
		};
		2FE4B8FCD37D01DDF1C2B4CE /* Products */ = {
			isa = PBXGroup;
			children = (
				E8950BBEDA233AFFA12AC842 /* AgentBooth.app */,
				E3BD548FFD67212BA64CAF3B /* AgentBoothTests.xctest */,
			);
			name = Products;
			sourceTree = "<group>";
		};
		4700049B0C2541AD74A07BD0 /* Recording */ = {
			isa = PBXGroup;
			children = (
				FEA355C20325E27B5D2555F3 /* SystemAudioCaptureService.swift */,
			);
			path = Recording;
			sourceTree = "<group>";
		};
		472C1EC5675D15124A367B60 /* YouTube */ = {
			isa = PBXGroup;
			children = (
				D53DEEF6D66DA1AF40C8B6CB /* YouTubeMusicJSScripts.swift */,
				A725F59DE59B73646C65CC43 /* YouTubeMusicScriptRunner.swift */,
			);
			path = YouTube;
			sourceTree = "<group>";
		};
		49F41E9B83840B6B35598BAB /* SpotifyBrowser */ = {
			isa = PBXGroup;
			children = (
				B1805E0CA7CF453148013870 /* SpotifyBrowserView.swift */,
				4091AEFDEC8ED74F20F35BC1 /* SpotifyBrowserWindow.swift */,
				5757CF1C6A91CB9099967AB3 /* SpotifyLoginViewModel.swift */,
			);
			path = SpotifyBrowser;
			sourceTree = "<group>";
		};
		53E41026457537A5DA38B7A3 /* AgentBoothTests */ = {
			isa = PBXGroup;
			children = (
				338C31B22A2D0900BCEC030C /* AppSettingsStoreTests.swift */,
				F47BCB8F69019993CC11840A /* GeminiRetryPolicyTests.swift */,
				79121E2CCE8361593D62BDBA /* GeminiTTSServiceTests.swift */,
				04DFBBB68BB027FD35353D38 /* MainViewModelTests.swift */,
				9F54AA8BB74E6BC36C6C2F80 /* PrimaryControlStateTests.swift */,
				6D45EE85DD43B3284D3DDD5D /* ProcessScriptGenerationServiceTests.swift */,
				27E98AD1A98918B62A79EF2C /* RadioOrchestratorTests.swift */,
				6F5D52E2FA62950A58A1322C /* ScriptCommandBuilderTests.swift */,
				2139F826E9784613C9F829D7 /* SpotifyDOMModelsTests.swift */,
				943AD41DD032953E321C5B2E /* TestDoubles.swift */,
			);
			path = AgentBoothTests;
			sourceTree = "<group>";
		};
		55B7F74A2D203FDBA0D893D9 /* Configurations */ = {
			isa = PBXGroup;
			children = (
				D499D54135ECCF1B538D617F /* DevelopmentTeam.xcconfig */,
			);
			path = Configurations;
			sourceTree = "<group>";
		};
		6625BB5105293248732DC2B0 /* Audio */ = {
			isa = PBXGroup;
			children = (
				14D492872A306EA6A2AA7523 /* SystemAudioPlaybackService.swift */,
				03AA8D4295F6E5709444B93C /* TestModeAudioPlaybackService.swift */,
			);
			path = Audio;
			sourceTree = "<group>";
		};
		6C4610A9203D35B7E74AAFCD /* Settings */ = {
			isa = PBXGroup;
			children = (
				D13682AE7052945E83EEA4E7 /* AppSettingsStore.swift */,
				D1573B77F7AE6E162EDACC0D /* KeychainStore.swift */,
			);
			path = Settings;
			sourceTree = "<group>";
		};
		781F8F4E3A4319B553A19B82 /* Radio */ = {
			isa = PBXGroup;
			children = (
				E6B1B7619C3D915FACE380A8 /* RadioOrchestrator.swift */,
			);
			path = Radio;
			sourceTree = "<group>";
		};
		7D9756B18B04781290BC6507 /* Music */ = {
			isa = PBXGroup;
			children = (
				3EF3A71B2437BB5FED77AE05 /* AppleMusicArtworkFetcher.swift */,
				B0034334CB53C3E7CE0213C8 /* AppleScriptExecutor.swift */,
			);
			path = Music;
			sourceTree = "<group>";
		};
		971490876855A881DC0DF84A /* Frameworks */ = {
			isa = PBXGroup;
			children = (
				53A10060D47AD1B4B46BF389 /* AVFoundation.framework */,
				58975426E0097C0CFE155B8E /* CoreMedia.framework */,
				571281CD47E4CA30F6996F0D /* ScreenCaptureKit.framework */,
			);
			name = Frameworks;
			sourceTree = "<group>";
		};
		B3F2187D0DB3C3839F080282 = {
			isa = PBXGroup;
			children = (
				BDC4881B0601840D9516DFD1 /* AgentBooth */,
				53E41026457537A5DA38B7A3 /* AgentBoothTests */,
				55B7F74A2D203FDBA0D893D9 /* Configurations */,
				971490876855A881DC0DF84A /* Frameworks */,
				2FE4B8FCD37D01DDF1C2B4CE /* Products */,
			);
			sourceTree = "<group>";
		};
		B7D1BBF4E1FD7CFC5B38FE61 /* Services */ = {
			isa = PBXGroup;
			children = (
				6625BB5105293248732DC2B0 /* Audio */,
				1C710841CF2DCAFD87ED0DB5 /* Music */,
				781F8F4E3A4319B553A19B82 /* Radio */,
				4700049B0C2541AD74A07BD0 /* Recording */,
				1DD8CB335B44E1CAC28AE0B5 /* Script */,
				FDE075118B3F1F23B60FFA1B /* TTS */,
			);
			path = Services;
			sourceTree = "<group>";
		};
		BC6D1C4441F580B0159341B4 /* Features */ = {
			isa = PBXGroup;
			children = (
				CAB18AB41E4422B82F67960D /* Main */,
				DB02D37BACB109646CCFC7AB /* Settings */,
				49F41E9B83840B6B35598BAB /* SpotifyBrowser */,
				E07D11EC287FD47B6A73672F /* YouTubeMusicBrowser */,
			);
			path = Features;
			sourceTree = "<group>";
		};
		BDC4881B0601840D9516DFD1 /* AgentBooth */ = {
			isa = PBXGroup;
			children = (
				633C58B34ED2C9421B9AEAB3 /* AgentBooth.entitlements */,
				3695314D2707876818736936 /* agentbooth.icon */,
				052903E6DE3A402F94B8DB42 /* App */,
				0DADC5CB437B016001D87605 /* Domain */,
				BC6D1C4441F580B0159341B4 /* Features */,
				923FC1F620B94EA9A239D1F8 /* InfoPlist.strings */,
				E006355DBFD1D123F19BC4A7 /* Infrastructure */,
				CCE6F6D9D1ABD6A1F577A60C /* Localizable.strings */,
				B7D1BBF4E1FD7CFC5B38FE61 /* Services */,
			);
			path = AgentBooth;
			sourceTree = "<group>";
		};
		CAB18AB41E4422B82F67960D /* Main */ = {
			isa = PBXGroup;
			children = (
				6660A0E06C3D5BB0B6620C55 /* ContentView.swift */,
				3D295064BBE2EC05B0F44A82 /* MainViewModel.swift */,
				B8A3EC2F5B06B360F429E4CC /* NowPlayingBar.swift */,
				EF8FF523BCB76DB850B6E7E2 /* TrackListView.swift */,
			);
			path = Main;
			sourceTree = "<group>";
		};
		DB02D37BACB109646CCFC7AB /* Settings */ = {
			isa = PBXGroup;
			children = (
				0F8CB3678DB8059939D9C8C5 /* SettingsView.swift */,
				EB05E2F5F6192C615B028634 /* TTSCredentialSetsEditor.swift */,
			);
			path = Settings;
			sourceTree = "<group>";
		};
		E006355DBFD1D123F19BC4A7 /* Infrastructure */ = {
			isa = PBXGroup;
			children = (
				7D9756B18B04781290BC6507 /* Music */,
				6C4610A9203D35B7E74AAFCD /* Settings */,
				F3A49BF6F4725675CEFB0820 /* Spotify */,
				472C1EC5675D15124A367B60 /* YouTube */,
			);
			path = Infrastructure;
			sourceTree = "<group>";
		};
		E07D11EC287FD47B6A73672F /* YouTubeMusicBrowser */ = {
			isa = PBXGroup;
			children = (
				EC957A36F44C6B98396DC947 /* YouTubeMusicBrowserView.swift */,
				E2EC10CAED3ACBAE47308EB1 /* YouTubeMusicBrowserWindow.swift */,
				B0006EEE51C46F3CE4BB4DB9 /* YouTubeMusicLoginViewModel.swift */,
			);
			path = YouTubeMusicBrowser;
			sourceTree = "<group>";
		};
		F3A49BF6F4725675CEFB0820 /* Spotify */ = {
			isa = PBXGroup;
			children = (
				429B24A26CC85B5FE930CC56 /* SpotifyDOMScripts.swift */,
				C2C4A6657B19A76099CE0808 /* SpotifyScriptRunner.swift */,
			);
			path = Spotify;
			sourceTree = "<group>";
		};
		FDE075118B3F1F23B60FFA1B /* TTS */ = {
			isa = PBXGroup;
			children = (
				0B009A546A5FAF2C679BE410 /* GeminiTTSService.swift */,
				5F65490B3FD4C7721C60A28C /* TestModeTTSService.swift */,
			);
			path = TTS;
			sourceTree = "<group>";
		};
/* End PBXGroup section */

/* Begin PBXNativeTarget section */
		19ACB207AB9FCC566E3EECA0 /* AgentBoothTests */ = {
			isa = PBXNativeTarget;
			buildConfigurationList = 47ACC8BB8F217BC8F4C6C7D8 /* Build configuration list for PBXNativeTarget "AgentBoothTests" */;
			buildPhases = (
				90F06FECA1772377D9EF7921 /* Sources */,
			);
			buildRules = (
			);
			dependencies = (
				E0B2D140E298FCEA1A7E4D2F /* PBXTargetDependency */,
			);
			name = AgentBoothTests;
			packageProductDependencies = (
			);
			productName = AgentBoothTests;
			productReference = E3BD548FFD67212BA64CAF3B /* AgentBoothTests.xctest */;
			productType = "com.apple.product-type.bundle.unit-test";
		};
		6E51503FBC971898DEDB9525 /* AgentBooth */ = {
			isa = PBXNativeTarget;
			buildConfigurationList = 4ED951AABD9478FB71F9942E /* Build configuration list for PBXNativeTarget "AgentBooth" */;
			buildPhases = (
				E864D74EECC3785BE4BD007E /* Sources */,
				8D4CD7358F5E10887190726D /* Resources */,
				6E3895F76428CEBD92202513 /* Frameworks */,
			);
			buildRules = (
			);
			dependencies = (
			);
			name = AgentBooth;
			packageProductDependencies = (
			);
			productName = AgentBooth;
			productReference = E8950BBEDA233AFFA12AC842 /* AgentBooth.app */;
			productType = "com.apple.product-type.application";
		};
/* End PBXNativeTarget section */

/* Begin PBXProject section */
		08494898E4A4512F4D6DA865 /* Project object */ = {
			isa = PBXProject;
			attributes = {
				BuildIndependentTargetsInParallel = YES;
				LastUpgradeCheck = 1430;
				TargetAttributes = {
					6E51503FBC971898DEDB9525 = {
						ProvisioningStyle = Automatic;
					};
				};
			};
			buildConfigurationList = F228E37FEC170DF0F05AC14A /* Build configuration list for PBXProject "AgentBooth" */;
			developmentRegion = en;
			hasScannedForEncodings = 0;
			knownRegions = (
				Base,
				en,
				ja,
			);
			mainGroup = B3F2187D0DB3C3839F080282;
			minimizedProjectReferenceProxies = 1;
			preferredProjectObjectVersion = 77;
			productRefGroup = 2FE4B8FCD37D01DDF1C2B4CE /* Products */;
			projectDirPath = "";
			projectRoot = "";
			targets = (
				6E51503FBC971898DEDB9525 /* AgentBooth */,
				19ACB207AB9FCC566E3EECA0 /* AgentBoothTests */,
			);
		};
/* End PBXProject section */

/* Begin PBXResourcesBuildPhase section */
		8D4CD7358F5E10887190726D /* Resources */ = {
			isa = PBXResourcesBuildPhase;
			buildActionMask = 2147483647;
			files = (
				159EE53DC9F4EEB114081297 /* InfoPlist.strings in Resources */,
				A4813849F1A19B657F6A4FD2 /* Localizable.strings in Resources */,
				2412F9D20338BF2D29ED8F47 /* agentbooth.icon in Resources */,
			);
			runOnlyForDeploymentPostprocessing = 0;
		};
/* End PBXResourcesBuildPhase section */

/* Begin PBXSourcesBuildPhase section */
		90F06FECA1772377D9EF7921 /* Sources */ = {
			isa = PBXSourcesBuildPhase;
			buildActionMask = 2147483647;
			files = (
				E01A194D757B60EF31AEA51A /* AppSettingsStoreTests.swift in Sources */,
				AFCF917E7CA4BE98C2E962A2 /* GeminiRetryPolicyTests.swift in Sources */,
				D1DC639BE636543B5F2105E7 /* GeminiTTSServiceTests.swift in Sources */,
				1541EE70C59B10C54FA94D02 /* MainViewModelTests.swift in Sources */,
				294A4688A57ABCE46E0FBA5F /* PrimaryControlStateTests.swift in Sources */,
				8AFA2989D3540DB0ED7B825F /* ProcessScriptGenerationServiceTests.swift in Sources */,
				3B60952A6D03E382F8B7FBDF /* RadioOrchestratorTests.swift in Sources */,
				C2E203168E6B66F11C887BE9 /* ScriptCommandBuilderTests.swift in Sources */,
				53B398DE31C40A8892A018FB /* SpotifyDOMModelsTests.swift in Sources */,
				DCE0F83758699C7A9C3CD6E7 /* TestDoubles.swift in Sources */,
			);
			runOnlyForDeploymentPostprocessing = 0;
		};
		E864D74EECC3785BE4BD007E /* Sources */ = {
			isa = PBXSourcesBuildPhase;
			buildActionMask = 2147483647;
			files = (
				3EFE8DA04411390A5860523A /* AgentBoothApp.swift in Sources */,
				4522F62CB093FF281D651C07 /* AppServiceContainer.swift in Sources */,
				57918480D551301E9AC01429 /* AppSettingsStore.swift in Sources */,
				C2BA66ACF0124BA3C94EA297 /* AppleMusicArtworkFetcher.swift in Sources */,
				C3C62647B02BF4B636812DA3 /* AppleMusicService.swift in Sources */,
				4692DE91A11C64755EEF0A3A /* AppleScriptExecutor.swift in Sources */,
				E79C9EEA74E219FEBB943867 /* ContentView.swift in Sources */,
				9792D589885A62488DC945DC /* GeminiTTSService.swift in Sources */,
				6CC2B90D70D8E8CA136B3252 /* KeychainStore.swift in Sources */,
				483EF38C595DEDECE64A292A /* MainViewModel.swift in Sources */,
				2BFFB6D78A1FEE04832B17F6 /* Models.swift in Sources */,
				355D80EDF9B40A776C2E192D /* NowPlayingBar.swift in Sources */,
				E0FAE1567D838876CF736668 /* ProcessScriptGenerationService.swift in Sources */,
				7D84E7A8CF330A6F91EA20AB /* PromptBuilder.swift in Sources */,
				317EB41280CA3DC0D5B8EEE7 /* Protocols.swift in Sources */,
				1B36E1DDDCCC04D2FE2498D5 /* RadioOrchestrator.swift in Sources */,
				DDD6D76DE783A43D072FC600 /* SettingsView.swift in Sources */,
				F417194D93CF0362E6816279 /* SpotifyBrowserView.swift in Sources */,
				FC8D9E4AA5BF1D81F914D33E /* SpotifyBrowserWindow.swift in Sources */,
				2B612CD3B5D35CCC240681E5 /* SpotifyDOMModels.swift in Sources */,
				60F641F5B882326551B806D8 /* SpotifyDOMScripts.swift in Sources */,
				DA88A4F31020487B98A74E50 /* SpotifyLoginViewModel.swift in Sources */,
				93C17D9F6CBADB0C5048B313 /* SpotifyMusicService.swift in Sources */,
				102693207E1C7DB7E10F3A3C /* SpotifyScriptRunner.swift in Sources */,
				0F6B36BA02955D86BAF59BD5 /* SpotifyWebViewStore.swift in Sources */,
				905708471A8F991C459FEE98 /* SystemAudioCaptureService.swift in Sources */,
				07359B4E2519327F6B826245 /* SystemAudioPlaybackService.swift in Sources */,
				24B146DB329FC4B4AFB410F6 /* TTSCredentialSetsEditor.swift in Sources */,
				F6AB525CD75A66D466A8B0E6 /* TestModeAudioPlaybackService.swift in Sources */,
				1DEB739D9A1F4BB249AED19C /* TestModeScriptGenerationService.swift in Sources */,
				CEF08F738F2B68570DFDB571 /* TestModeTTSService.swift in Sources */,
				CF0D5E1367928F78F888ACE7 /* TrackListView.swift in Sources */,
				67563E5F16E7CC7B56A9D8E1 /* YouTubeMusicAPIFetcher.swift in Sources */,
				10F5AD8C23DB9371013CE4DD /* YouTubeMusicBrowserView.swift in Sources */,
				28FEDEF8052BDD5EC3595331 /* YouTubeMusicBrowserWindow.swift in Sources */,
				D4C1220AB0348360F51FD183 /* YouTubeMusicJSScripts.swift in Sources */,
				6A03426E5CBD3D577F1B2A7E /* YouTubeMusicLoginViewModel.swift in Sources */,
				1BEA39718509A107655F29FE /* YouTubeMusicPlayerController.swift in Sources */,
				B670E7A19D095C07893A8C12 /* YouTubeMusicScriptRunner.swift in Sources */,
				A00C081B0916E172E5067D44 /* YouTubeMusicService.swift in Sources */,
				334D851AD4987EDC07AE9045 /* YouTubeMusicWebViewStore.swift in Sources */,
			);
			runOnlyForDeploymentPostprocessing = 0;
		};
/* End PBXSourcesBuildPhase section */

/* Begin PBXTargetDependency section */
		E0B2D140E298FCEA1A7E4D2F /* PBXTargetDependency */ = {
			isa = PBXTargetDependency;
			target = 6E51503FBC971898DEDB9525 /* AgentBooth */;
			targetProxy = 9A0DE15F334F4CD2B0B7169A /* PBXContainerItemProxy */;
		};
/* End PBXTargetDependency section */

/* Begin PBXVariantGroup section */
		923FC1F620B94EA9A239D1F8 /* InfoPlist.strings */ = {
			isa = PBXVariantGroup;
			children = (
				217B8B55154291EFF70A5181 /* en */,
				E631FA254CDC04930FA07299 /* ja */,
			);
			name = InfoPlist.strings;
			sourceTree = "<group>";
		};
		CCE6F6D9D1ABD6A1F577A60C /* Localizable.strings */ = {
			isa = PBXVariantGroup;
			children = (
				850ED65A096909F8BB2135BB /* en */,
				39F21B8232267DD95ED4A06E /* ja */,
			);
			name = Localizable.strings;
			sourceTree = "<group>";
		};
/* End PBXVariantGroup section */

/* Begin XCBuildConfiguration section */
		13C33725CC4525E1AD5EB7FA /* Debug */ = {
			isa = XCBuildConfiguration;
			baseConfigurationReference = D499D54135ECCF1B538D617F /* DevelopmentTeam.xcconfig */;
			buildSettings = {
				BUNDLE_LOADER = "$(TEST_HOST)";
				COMBINE_HIDPI_IMAGES = YES;
				GENERATE_INFOPLIST_FILE = YES;
				LD_RUNPATH_SEARCH_PATHS = (
					"$(inherited)",
					"@executable_path/../Frameworks",
					"@loader_path/../Frameworks",
				);
				MACOSX_DEPLOYMENT_TARGET = 14.0;
				PRODUCT_BUNDLE_IDENTIFIER = com.dmng.AgentBoothTests;
				SDKROOT = macosx;
				TEST_HOST = "$(BUILT_PRODUCTS_DIR)/AgentBooth.app/Contents/MacOS/AgentBooth";
			};
			name = Debug;
		};
		C2987881070C2DBBDBF46FDC /* Release */ = {
			isa = XCBuildConfiguration;
			baseConfigurationReference = D499D54135ECCF1B538D617F /* DevelopmentTeam.xcconfig */;
			buildSettings = {
				BUNDLE_LOADER = "$(TEST_HOST)";
				COMBINE_HIDPI_IMAGES = YES;
				GENERATE_INFOPLIST_FILE = YES;
				LD_RUNPATH_SEARCH_PATHS = (
					"$(inherited)",
					"@executable_path/../Frameworks",
					"@loader_path/../Frameworks",
				);
				MACOSX_DEPLOYMENT_TARGET = 14.0;
				PRODUCT_BUNDLE_IDENTIFIER = com.dmng.AgentBoothTests;
				SDKROOT = macosx;
				TEST_HOST = "$(BUILT_PRODUCTS_DIR)/AgentBooth.app/Contents/MacOS/AgentBooth";
			};
			name = Release;
		};
		C818906D319213ED7F0C90F5 /* Release */ = {
			isa = XCBuildConfiguration;
			baseConfigurationReference = D499D54135ECCF1B538D617F /* DevelopmentTeam.xcconfig */;
			buildSettings = {
				ASSETCATALOG_COMPILER_APPICON_NAME = agentbooth;
				CODE_SIGN_ENTITLEMENTS = AgentBooth/AgentBooth.entitlements;
				CODE_SIGN_STYLE = Automatic;
				COMBINE_HIDPI_IMAGES = YES;
				CURRENT_PROJECT_VERSION = 2;
				ENABLE_APP_SANDBOX = NO;
				ENABLE_HARDENED_RUNTIME = YES;
				GENERATE_INFOPLIST_FILE = YES;
				INFOPLIST_KEY_CFBundleDisplayName = AgentBooth;
				INFOPLIST_KEY_LSApplicationCategoryType = "public.app-category.music";
				INFOPLIST_KEY_NSAppleEventsUsageDescription = "AgentBooth needs automation access to Music.app to control playlist playback.";
				INFOPLIST_KEY_NSScreenCaptureUsageDescription = "AgentBooth needs System Audio Capture permission to record radio programs.";
				LD_RUNPATH_SEARCH_PATHS = (
					"$(inherited)",
					"@executable_path/../Frameworks",
				);
				MACOSX_DEPLOYMENT_TARGET = 14.0;
				MARKETING_VERSION = 0.9.1;
				PRODUCT_BUNDLE_IDENTIFIER = com.dmng.AgentBooth;
				PRODUCT_NAME = AgentBooth;
				SDKROOT = macosx;
			};
			name = Release;
		};
		D4E52DD0BB9A0A3CF2DF97CE /* Debug */ = {
			isa = XCBuildConfiguration;
			buildSettings = {
				ALWAYS_SEARCH_USER_PATHS = NO;
				CLANG_ANALYZER_NONNULL = YES;
				CLANG_ANALYZER_NUMBER_OBJECT_CONVERSION = YES_AGGRESSIVE;
				CLANG_CXX_LANGUAGE_STANDARD = "gnu++14";
				CLANG_CXX_LIBRARY = "libc++";
				CLANG_ENABLE_MODULES = YES;
				CLANG_ENABLE_OBJC_ARC = YES;
				CLANG_ENABLE_OBJC_WEAK = YES;
				CLANG_WARN_BLOCK_CAPTURE_AUTORELEASING = YES;
				CLANG_WARN_BOOL_CONVERSION = YES;
				CLANG_WARN_COMMA = YES;
				CLANG_WARN_CONSTANT_CONVERSION = YES;
				CLANG_WARN_DEPRECATED_OBJC_IMPLEMENTATIONS = YES;
				CLANG_WARN_DIRECT_OBJC_ISA_USAGE = YES_ERROR;
				CLANG_WARN_DOCUMENTATION_COMMENTS = YES;
				CLANG_WARN_EMPTY_BODY = YES;
				CLANG_WARN_ENUM_CONVERSION = YES;
				CLANG_WARN_INFINITE_RECURSION = YES;
				CLANG_WARN_INT_CONVERSION = YES;
				CLANG_WARN_NON_LITERAL_NULL_CONVERSION = YES;
				CLANG_WARN_OBJC_IMPLICIT_RETAIN_SELF = YES;
				CLANG_WARN_OBJC_LITERAL_CONVERSION = YES;
				CLANG_WARN_OBJC_ROOT_CLASS = YES_ERROR;
				CLANG_WARN_QUOTED_INCLUDE_IN_FRAMEWORK_HEADER = YES;
				CLANG_WARN_RANGE_LOOP_ANALYSIS = YES;
				CLANG_WARN_STRICT_PROTOTYPES = YES;
				CLANG_WARN_SUSPICIOUS_MOVE = YES;
				CLANG_WARN_UNGUARDED_AVAILABILITY = YES_AGGRESSIVE;
				CLANG_WARN_UNREACHABLE_CODE = YES;
				CLANG_WARN__DUPLICATE_METHOD_MATCH = YES;
				COPY_PHASE_STRIP = NO;
				DEBUG_INFORMATION_FORMAT = dwarf;
				ENABLE_STRICT_OBJC_MSGSEND = YES;
				ENABLE_TESTABILITY = YES;
				GCC_C_LANGUAGE_STANDARD = gnu11;
				GCC_DYNAMIC_NO_PIC = NO;
				GCC_NO_COMMON_BLOCKS = YES;
				GCC_OPTIMIZATION_LEVEL = 0;
				GCC_PREPROCESSOR_DEFINITIONS = (
					"$(inherited)",
					"DEBUG=1",
				);
				GCC_WARN_64_TO_32_BIT_CONVERSION = YES;
				GCC_WARN_ABOUT_RETURN_TYPE = YES_ERROR;
				GCC_WARN_UNDECLARED_SELECTOR = YES;
				GCC_WARN_UNINITIALIZED_AUTOS = YES_AGGRESSIVE;
				GCC_WARN_UNUSED_FUNCTION = YES;
				GCC_WARN_UNUSED_VARIABLE = YES;
				MACOSX_DEPLOYMENT_TARGET = 14.0;
				MTL_ENABLE_DEBUG_INFO = INCLUDE_SOURCE;
				MTL_FAST_MATH = YES;
				ONLY_ACTIVE_ARCH = YES;
				PRODUCT_NAME = "$(TARGET_NAME)";
				SDKROOT = macosx;
				SWIFT_ACTIVE_COMPILATION_CONDITIONS = DEBUG;
				SWIFT_OPTIMIZATION_LEVEL = "-Onone";
				SWIFT_VERSION = 5.10;
			};
			name = Debug;
		};
		E1A153B9D8056AB4555F1B21 /* Release */ = {
			isa = XCBuildConfiguration;
			buildSettings = {
				ALWAYS_SEARCH_USER_PATHS = NO;
				CLANG_ANALYZER_NONNULL = YES;
				CLANG_ANALYZER_NUMBER_OBJECT_CONVERSION = YES_AGGRESSIVE;
				CLANG_CXX_LANGUAGE_STANDARD = "gnu++14";
				CLANG_CXX_LIBRARY = "libc++";
				CLANG_ENABLE_MODULES = YES;
				CLANG_ENABLE_OBJC_ARC = YES;
				CLANG_ENABLE_OBJC_WEAK = YES;
				CLANG_WARN_BLOCK_CAPTURE_AUTORELEASING = YES;
				CLANG_WARN_BOOL_CONVERSION = YES;
				CLANG_WARN_COMMA = YES;
				CLANG_WARN_CONSTANT_CONVERSION = YES;
				CLANG_WARN_DEPRECATED_OBJC_IMPLEMENTATIONS = YES;
				CLANG_WARN_DIRECT_OBJC_ISA_USAGE = YES_ERROR;
				CLANG_WARN_DOCUMENTATION_COMMENTS = YES;
				CLANG_WARN_EMPTY_BODY = YES;
				CLANG_WARN_ENUM_CONVERSION = YES;
				CLANG_WARN_INFINITE_RECURSION = YES;
				CLANG_WARN_INT_CONVERSION = YES;
				CLANG_WARN_NON_LITERAL_NULL_CONVERSION = YES;
				CLANG_WARN_OBJC_IMPLICIT_RETAIN_SELF = YES;
				CLANG_WARN_OBJC_LITERAL_CONVERSION = YES;
				CLANG_WARN_OBJC_ROOT_CLASS = YES_ERROR;
				CLANG_WARN_QUOTED_INCLUDE_IN_FRAMEWORK_HEADER = YES;
				CLANG_WARN_RANGE_LOOP_ANALYSIS = YES;
				CLANG_WARN_STRICT_PROTOTYPES = YES;
				CLANG_WARN_SUSPICIOUS_MOVE = YES;
				CLANG_WARN_UNGUARDED_AVAILABILITY = YES_AGGRESSIVE;
				CLANG_WARN_UNREACHABLE_CODE = YES;
				CLANG_WARN__DUPLICATE_METHOD_MATCH = YES;
				COPY_PHASE_STRIP = NO;
				DEBUG_INFORMATION_FORMAT = "dwarf-with-dsym";
				ENABLE_NS_ASSERTIONS = NO;
				ENABLE_STRICT_OBJC_MSGSEND = YES;
				GCC_C_LANGUAGE_STANDARD = gnu11;
				GCC_NO_COMMON_BLOCKS = YES;
				GCC_WARN_64_TO_32_BIT_CONVERSION = YES;
				GCC_WARN_ABOUT_RETURN_TYPE = YES_ERROR;
				GCC_WARN_UNDECLARED_SELECTOR = YES;
				GCC_WARN_UNINITIALIZED_AUTOS = YES_AGGRESSIVE;
				GCC_WARN_UNUSED_FUNCTION = YES;
				GCC_WARN_UNUSED_VARIABLE = YES;
				MACOSX_DEPLOYMENT_TARGET = 14.0;
				MTL_ENABLE_DEBUG_INFO = NO;
				MTL_FAST_MATH = YES;
				PRODUCT_NAME = "$(TARGET_NAME)";
				SDKROOT = macosx;
				SWIFT_COMPILATION_MODE = wholemodule;
				SWIFT_OPTIMIZATION_LEVEL = "-O";
				SWIFT_VERSION = 5.10;
			};
			name = Release;
		};
		EB7C0D5C3B3A8F5C4709A1C6 /* Debug */ = {
			isa = XCBuildConfiguration;
			baseConfigurationReference = D499D54135ECCF1B538D617F /* DevelopmentTeam.xcconfig */;
			buildSettings = {
				ASSETCATALOG_COMPILER_APPICON_NAME = agentbooth;
				CODE_SIGN_ENTITLEMENTS = AgentBooth/AgentBooth.entitlements;
				CODE_SIGN_STYLE = Automatic;
				COMBINE_HIDPI_IMAGES = YES;
				CURRENT_PROJECT_VERSION = 2;
				ENABLE_APP_SANDBOX = NO;
				ENABLE_HARDENED_RUNTIME = YES;
				GENERATE_INFOPLIST_FILE = YES;
				INFOPLIST_KEY_CFBundleDisplayName = AgentBooth;
				INFOPLIST_KEY_LSApplicationCategoryType = "public.app-category.music";
				INFOPLIST_KEY_NSAppleEventsUsageDescription = "AgentBooth needs automation access to Music.app to control playlist playback.";
				INFOPLIST_KEY_NSScreenCaptureUsageDescription = "AgentBooth needs System Audio Capture permission to record radio programs.";
				LD_RUNPATH_SEARCH_PATHS = (
					"$(inherited)",
					"@executable_path/../Frameworks",
				);
				MACOSX_DEPLOYMENT_TARGET = 14.0;
				MARKETING_VERSION = 0.9.1;
				PRODUCT_BUNDLE_IDENTIFIER = com.dmng.AgentBooth;
				PRODUCT_NAME = AgentBooth;
				SDKROOT = macosx;
			};
			name = Debug;
		};
/* End XCBuildConfiguration section */

/* Begin XCConfigurationList section */
		47ACC8BB8F217BC8F4C6C7D8 /* Build configuration list for PBXNativeTarget "AgentBoothTests" */ = {
			isa = XCConfigurationList;
			buildConfigurations = (
				13C33725CC4525E1AD5EB7FA /* Debug */,
				C2987881070C2DBBDBF46FDC /* Release */,
			);
			defaultConfigurationIsVisible = 0;
			defaultConfigurationName = Debug;
		};
		4ED951AABD9478FB71F9942E /* Build configuration list for PBXNativeTarget "AgentBooth" */ = {
			isa = XCConfigurationList;
			buildConfigurations = (
				EB7C0D5C3B3A8F5C4709A1C6 /* Debug */,
				C818906D319213ED7F0C90F5 /* Release */,
			);
			defaultConfigurationIsVisible = 0;
			defaultConfigurationName = Debug;
		};
		F228E37FEC170DF0F05AC14A /* Build configuration list for PBXProject "AgentBooth" */ = {
			isa = XCConfigurationList;
			buildConfigurations = (
				D4E52DD0BB9A0A3CF2DF97CE /* Debug */,
				E1A153B9D8056AB4555F1B21 /* Release */,
			);
			defaultConfigurationIsVisible = 0;
			defaultConfigurationName = Debug;
		};
/* End XCConfigurationList section */
	};
	rootObject = 08494898E4A4512F4D6DA865 /* Project object */;
}
