// !$*UTF8*$!
{
	archiveVersion = 1;
	classes = {
	};
	objectVersion = 77;
	objects = {

/* Begin PBXBuildFile section */
		07359B4E2519327F6B826245 /* SystemAudioPlaybackService.swift in Sources */ = {isa = PBXBuildFile; fileRef = 14D492872A306EA6A2AA7523 /* SystemAudioPlaybackService.swift */; };
		1541EE70C59B10C54FA94D02 /* MainViewModelTests.swift in Sources */ = {isa = PBXBuildFile; fileRef = 04DFBBB68BB027FD35353D38 /* MainViewModelTests.swift */; };
		1B36E1DDDCCC04D2FE2498D5 /* RadioOrchestrator.swift in Sources */ = {isa = PBXBuildFile; fileRef = E6B1B7619C3D915FACE380A8 /* RadioOrchestrator.swift */; };
		294A4688A57ABCE46E0FBA5F /* PrimaryControlStateTests.swift in Sources */ = {isa = PBXBuildFile; fileRef = 9F54AA8BB74E6BC36C6C2F80 /* PrimaryControlStateTests.swift */; };
		2BFFB6D78A1FEE04832B17F6 /* Models.swift in Sources */ = {isa = PBXBuildFile; fileRef = F7C39922A308CE75BF0D1D5E /* Models.swift */; };
		317EB41280CA3DC0D5B8EEE7 /* Protocols.swift in Sources */ = {isa = PBXBuildFile; fileRef = B7702F727F0D28028A7BA9A3 /* Protocols.swift */; };
		3B60952A6D03E382F8B7FBDF /* RadioOrchestratorTests.swift in Sources */ = {isa = PBXBuildFile; fileRef = 27E98AD1A98918B62A79EF2C /* RadioOrchestratorTests.swift */; };
		3EFE8DA04411390A5860523A /* AgentBoothApp.swift in Sources */ = {isa = PBXBuildFile; fileRef = F495016F14804CDB1C59A40E /* AgentBoothApp.swift */; };
		4522F62CB093FF281D651C07 /* AppServiceContainer.swift in Sources */ = {isa = PBXBuildFile; fileRef = 9D35E02C5B682EEB663412C1 /* AppServiceContainer.swift */; };
		4692DE91A11C64755EEF0A3A /* AppleScriptExecutor.swift in Sources */ = {isa = PBXBuildFile; fileRef = B0034334CB53C3E7CE0213C8 /* AppleScriptExecutor.swift */; };
		483EF38C595DEDECE64A292A /* MainViewModel.swift in Sources */ = {isa = PBXBuildFile; fileRef = 3D295064BBE2EC05B0F44A82 /* MainViewModel.swift */; };
		57918480D551301E9AC01429 /* AppSettingsStore.swift in Sources */ = {isa = PBXBuildFile; fileRef = D13682AE7052945E83EEA4E7 /* AppSettingsStore.swift */; };
		6CC2B90D70D8E8CA136B3252 /* KeychainStore.swift in Sources */ = {isa = PBXBuildFile; fileRef = D1573B77F7AE6E162EDACC0D /* KeychainStore.swift */; };
		7D84E7A8CF330A6F91EA20AB /* PromptBuilder.swift in Sources */ = {isa = PBXBuildFile; fileRef = 3581E582CF14B056EA04E774 /* PromptBuilder.swift */; };
		8AFA2989D3540DB0ED7B825F /* ProcessScriptGenerationServiceTests.swift in Sources */ = {isa = PBXBuildFile; fileRef = 6D45EE85DD43B3284D3DDD5D /* ProcessScriptGenerationServiceTests.swift */; };
		905708471A8F991C459FEE98 /* SystemAudioCaptureService.swift in Sources */ = {isa = PBXBuildFile; fileRef = FEA355C20325E27B5D2555F3 /* SystemAudioCaptureService.swift */; };
		9792D589885A62488DC945DC /* GeminiTTSService.swift in Sources */ = {isa = PBXBuildFile; fileRef = 0B009A546A5FAF2C679BE410 /* GeminiTTSService.swift */; };
		A783BF60A1667BB793FF49FB /* ScreenCaptureKit.framework in Frameworks */ = {isa = PBXBuildFile; fileRef = 571281CD47E4CA30F6996F0D /* ScreenCaptureKit.framework */; };
		ABF166875ADD020AD3EBC2D1 /* CoreMedia.framework in Frameworks */ = {isa = PBXBuildFile; fileRef = 58975426E0097C0CFE155B8E /* CoreMedia.framework */; };
		AFCF917E7CA4BE98C2E962A2 /* GeminiRetryPolicyTests.swift in Sources */ = {isa = PBXBuildFile; fileRef = F47BCB8F69019993CC11840A /* GeminiRetryPolicyTests.swift */; };
		C2E203168E6B66F11C887BE9 /* ScriptCommandBuilderTests.swift in Sources */ = {isa = PBXBuildFile; fileRef = 6F5D52E2FA62950A58A1322C /* ScriptCommandBuilderTests.swift */; };
		C3C62647B02BF4B636812DA3 /* AppleMusicService.swift in Sources */ = {isa = PBXBuildFile; fileRef = 8EDB07082B0F31540781BF85 /* AppleMusicService.swift */; };
		CC726DE4D6A1B58CDA421BDE /* AVFoundation.framework in Frameworks */ = {isa = PBXBuildFile; fileRef = 53A10060D47AD1B4B46BF389 /* AVFoundation.framework */; };
		DCE0F83758699C7A9C3CD6E7 /* TestDoubles.swift in Sources */ = {isa = PBXBuildFile; fileRef = 943AD41DD032953E321C5B2E /* TestDoubles.swift */; };
		DDD6D76DE783A43D072FC600 /* SettingsView.swift in Sources */ = {isa = PBXBuildFile; fileRef = 0F8CB3678DB8059939D9C8C5 /* SettingsView.swift */; };
		E01A194D757B60EF31AEA51A /* AppSettingsStoreTests.swift in Sources */ = {isa = PBXBuildFile; fileRef = 338C31B22A2D0900BCEC030C /* AppSettingsStoreTests.swift */; };
		E0FAE1567D838876CF736668 /* ProcessScriptGenerationService.swift in Sources */ = {isa = PBXBuildFile; fileRef = 69967660B4C14A8BFACF20F7 /* ProcessScriptGenerationService.swift */; };
		E79C9EEA74E219FEBB943867 /* ContentView.swift in Sources */ = {isa = PBXBuildFile; fileRef = 6660A0E06C3D5BB0B6620C55 /* ContentView.swift */; };
/* End PBXBuildFile section */

/* Begin PBXContainerItemProxy section */
		9A0DE15F334F4CD2B0B7169A /* PBXContainerItemProxy */ = {
			isa = PBXContainerItemProxy;
			containerPortal = 08494898E4A4512F4D6DA865 /* Project object */;
			proxyType = 1;
			remoteGlobalIDString = 6E51503FBC971898DEDB9525;
			remoteInfo = AgentBooth;
		};
/* End PBXContainerItemProxy section */

/* Begin PBXFileReference section */
		04DFBBB68BB027FD35353D38 /* MainViewModelTests.swift */ = {isa = PBXFileReference; lastKnownFileType = sourcecode.swift; path = MainViewModelTests.swift; sourceTree = "<group>"; };
		0B009A546A5FAF2C679BE410 /* GeminiTTSService.swift */ = {isa = PBXFileReference; lastKnownFileType = sourcecode.swift; path = GeminiTTSService.swift; sourceTree = "<group>"; };
		0F8CB3678DB8059939D9C8C5 /* SettingsView.swift */ = {isa = PBXFileReference; lastKnownFileType = sourcecode.swift; path = SettingsView.swift; sourceTree = "<group>"; };
		14D492872A306EA6A2AA7523 /* SystemAudioPlaybackService.swift */ = {isa = PBXFileReference; lastKnownFileType = sourcecode.swift; path = SystemAudioPlaybackService.swift; sourceTree = "<group>"; };
		27E98AD1A98918B62A79EF2C /* RadioOrchestratorTests.swift */ = {isa = PBXFileReference; lastKnownFileType = sourcecode.swift; path = RadioOrchestratorTests.swift; sourceTree = "<group>"; };
		338C31B22A2D0900BCEC030C /* AppSettingsStoreTests.swift */ = {isa = PBXFileReference; lastKnownFileType = sourcecode.swift; path = AppSettingsStoreTests.swift; sourceTree = "<group>"; };
		3581E582CF14B056EA04E774 /* PromptBuilder.swift */ = {isa = PBXFileReference; lastKnownFileType = sourcecode.swift; path = PromptBuilder.swift; sourceTree = "<group>"; };
		3D295064BBE2EC05B0F44A82 /* MainViewModel.swift */ = {isa = PBXFileReference; lastKnownFileType = sourcecode.swift; path = MainViewModel.swift; sourceTree = "<group>"; };
		53A10060D47AD1B4B46BF389 /* AVFoundation.framework */ = {isa = PBXFileReference; lastKnownFileType = wrapper.framework; name = AVFoundation.framework; path = System/Library/Frameworks/AVFoundation.framework; sourceTree = SDKROOT; };
		571281CD47E4CA30F6996F0D /* ScreenCaptureKit.framework */ = {isa = PBXFileReference; lastKnownFileType = wrapper.framework; name = ScreenCaptureKit.framework; path = System/Library/Frameworks/ScreenCaptureKit.framework; sourceTree = SDKROOT; };
		58975426E0097C0CFE155B8E /* CoreMedia.framework */ = {isa = PBXFileReference; lastKnownFileType = wrapper.framework; name = CoreMedia.framework; path = System/Library/Frameworks/CoreMedia.framework; sourceTree = SDKROOT; };
		633C58B34ED2C9421B9AEAB3 /* AgentBooth.entitlements */ = {isa = PBXFileReference; lastKnownFileType = text.plist.entitlements; path = AgentBooth.entitlements; sourceTree = "<group>"; };
		6660A0E06C3D5BB0B6620C55 /* ContentView.swift */ = {isa = PBXFileReference; lastKnownFileType = sourcecode.swift; path = ContentView.swift; sourceTree = "<group>"; };
		69967660B4C14A8BFACF20F7 /* ProcessScriptGenerationService.swift */ = {isa = PBXFileReference; lastKnownFileType = sourcecode.swift; path = ProcessScriptGenerationService.swift; sourceTree = "<group>"; };
		6D45EE85DD43B3284D3DDD5D /* ProcessScriptGenerationServiceTests.swift */ = {isa = PBXFileReference; lastKnownFileType = sourcecode.swift; path = ProcessScriptGenerationServiceTests.swift; sourceTree = "<group>"; };
		6F5D52E2FA62950A58A1322C /* ScriptCommandBuilderTests.swift */ = {isa = PBXFileReference; lastKnownFileType = sourcecode.swift; path = ScriptCommandBuilderTests.swift; sourceTree = "<group>"; };
		8EDB07082B0F31540781BF85 /* AppleMusicService.swift */ = {isa = PBXFileReference; lastKnownFileType = sourcecode.swift; path = AppleMusicService.swift; sourceTree = "<group>"; };
		943AD41DD032953E321C5B2E /* TestDoubles.swift */ = {isa = PBXFileReference; lastKnownFileType = sourcecode.swift; path = TestDoubles.swift; sourceTree = "<group>"; };
		9D35E02C5B682EEB663412C1 /* AppServiceContainer.swift */ = {isa = PBXFileReference; lastKnownFileType = sourcecode.swift; path = AppServiceContainer.swift; sourceTree = "<group>"; };
		9F54AA8BB74E6BC36C6C2F80 /* PrimaryControlStateTests.swift */ = {isa = PBXFileReference; lastKnownFileType = sourcecode.swift; path = PrimaryControlStateTests.swift; sourceTree = "<group>"; };
		B0034334CB53C3E7CE0213C8 /* AppleScriptExecutor.swift */ = {isa = PBXFileReference; lastKnownFileType = sourcecode.swift; path = AppleScriptExecutor.swift; sourceTree = "<group>"; };
		B7702F727F0D28028A7BA9A3 /* Protocols.swift */ = {isa = PBXFileReference; lastKnownFileType = sourcecode.swift; path = Protocols.swift; sourceTree = "<group>"; };
		D13682AE7052945E83EEA4E7 /* AppSettingsStore.swift */ = {isa = PBXFileReference; lastKnownFileType = sourcecode.swift; path = AppSettingsStore.swift; sourceTree = "<group>"; };
		D1573B77F7AE6E162EDACC0D /* KeychainStore.swift */ = {isa = PBXFileReference; lastKnownFileType = sourcecode.swift; path = KeychainStore.swift; sourceTree = "<group>"; };
		D499D54135ECCF1B538D617F /* DevelopmentTeam.xcconfig */ = {isa = PBXFileReference; lastKnownFileType = text.xcconfig; path = DevelopmentTeam.xcconfig; sourceTree = "<group>"; };
		E3BD548FFD67212BA64CAF3B /* AgentBoothTests.xctest */ = {isa = PBXFileReference; explicitFileType = wrapper.cfbundle; includeInIndex = 0; path = AgentBoothTests.xctest; sourceTree = BUILT_PRODUCTS_DIR; };
		E6B1B7619C3D915FACE380A8 /* RadioOrchestrator.swift */ = {isa = PBXFileReference; lastKnownFileType = sourcecode.swift; path = RadioOrchestrator.swift; sourceTree = "<group>"; };
		E8950BBEDA233AFFA12AC842 /* AgentBooth.app */ = {isa = PBXFileReference; explicitFileType = wrapper.application; includeInIndex = 0; path = AgentBooth.app; sourceTree = BUILT_PRODUCTS_DIR; };
		F47BCB8F69019993CC11840A /* GeminiRetryPolicyTests.swift */ = {isa = PBXFileReference; lastKnownFileType = sourcecode.swift; path = GeminiRetryPolicyTests.swift; sourceTree = "<group>"; };
		F495016F14804CDB1C59A40E /* AgentBoothApp.swift */ = {isa = PBXFileReference; lastKnownFileType = sourcecode.swift; path = AgentBoothApp.swift; sourceTree = "<group>"; };
		F7C39922A308CE75BF0D1D5E /* Models.swift */ = {isa = PBXFileReference; lastKnownFileType = sourcecode.swift; path = Models.swift; sourceTree = "<group>"; };
		FEA355C20325E27B5D2555F3 /* SystemAudioCaptureService.swift */ = {isa = PBXFileReference; lastKnownFileType = sourcecode.swift; path = SystemAudioCaptureService.swift; sourceTree = "<group>"; };
/* End PBXFileReference section */

/* Begin PBXFrameworksBuildPhase section */
		6E3895F76428CEBD92202513 /* Frameworks */ = {
			isa = PBXFrameworksBuildPhase;
			buildActionMask = 2147483647;
			files = (
				A783BF60A1667BB793FF49FB /* ScreenCaptureKit.framework in Frameworks */,
				CC726DE4D6A1B58CDA421BDE /* AVFoundation.framework in Frameworks */,
				ABF166875ADD020AD3EBC2D1 /* CoreMedia.framework in Frameworks */,
			);
			runOnlyForDeploymentPostprocessing = 0;
		};
/* End PBXFrameworksBuildPhase section */

/* Begin PBXGroup section */
		052903E6DE3A402F94B8DB42 /* App */ = {
			isa = PBXGroup;
			children = (
				F495016F14804CDB1C59A40E /* AgentBoothApp.swift */,
				9D35E02C5B682EEB663412C1 /* AppServiceContainer.swift */,
			);
			path = App;
			sourceTree = "<group>";
		};
		0DADC5CB437B016001D87605 /* Domain */ = {
			isa = PBXGroup;
			children = (
				F7C39922A308CE75BF0D1D5E /* Models.swift */,
				B7702F727F0D28028A7BA9A3 /* Protocols.swift */,
			);
			path = Domain;
			sourceTree = "<group>";
		};
		1C710841CF2DCAFD87ED0DB5 /* Music */ = {
			isa = PBXGroup;
			children = (
				8EDB07082B0F31540781BF85 /* AppleMusicService.swift */,
			);
			path = Music;
			sourceTree = "<group>";
		};
		1DD8CB335B44E1CAC28AE0B5 /* Script */ = {
			isa = PBXGroup;
			children = (
				69967660B4C14A8BFACF20F7 /* ProcessScriptGenerationService.swift */,
				3581E582CF14B056EA04E774 /* PromptBuilder.swift */,
			);
			path = Script;
			sourceTree = "<group>";
		};
		2FE4B8FCD37D01DDF1C2B4CE /* Products */ = {
			isa = PBXGroup;
			children = (
				E8950BBEDA233AFFA12AC842 /* AgentBooth.app */,
				E3BD548FFD67212BA64CAF3B /* AgentBoothTests.xctest */,
			);
			name = Products;
			sourceTree = "<group>";
		};
		4700049B0C2541AD74A07BD0 /* Recording */ = {
			isa = PBXGroup;
			children = (
				FEA355C20325E27B5D2555F3 /* SystemAudioCaptureService.swift */,
			);
			path = Recording;
			sourceTree = "<group>";
		};
		53E41026457537A5DA38B7A3 /* AgentBoothTests */ = {
			isa = PBXGroup;
			children = (
				338C31B22A2D0900BCEC030C /* AppSettingsStoreTests.swift */,
				F47BCB8F69019993CC11840A /* GeminiRetryPolicyTests.swift */,
				04DFBBB68BB027FD35353D38 /* MainViewModelTests.swift */,
				9F54AA8BB74E6BC36C6C2F80 /* PrimaryControlStateTests.swift */,
				6D45EE85DD43B3284D3DDD5D /* ProcessScriptGenerationServiceTests.swift */,
				27E98AD1A98918B62A79EF2C /* RadioOrchestratorTests.swift */,
				6F5D52E2FA62950A58A1322C /* ScriptCommandBuilderTests.swift */,
				943AD41DD032953E321C5B2E /* TestDoubles.swift */,
			);
			path = AgentBoothTests;
			sourceTree = "<group>";
		};
		55B7F74A2D203FDBA0D893D9 /* Configurations */ = {
			isa = PBXGroup;
			children = (
				D499D54135ECCF1B538D617F /* DevelopmentTeam.xcconfig */,
			);
			path = Configurations;
			sourceTree = "<group>";
		};
		6625BB5105293248732DC2B0 /* Audio */ = {
			isa = PBXGroup;
			children = (
				14D492872A306EA6A2AA7523 /* SystemAudioPlaybackService.swift */,
			);
			path = Audio;
			sourceTree = "<group>";
		};
		6C4610A9203D35B7E74AAFCD /* Settings */ = {
			isa = PBXGroup;
			children = (
				D13682AE7052945E83EEA4E7 /* AppSettingsStore.swift */,
				D1573B77F7AE6E162EDACC0D /* KeychainStore.swift */,
			);
			path = Settings;
			sourceTree = "<group>";
		};
		781F8F4E3A4319B553A19B82 /* Radio */ = {
			isa = PBXGroup;
			children = (
				E6B1B7619C3D915FACE380A8 /* RadioOrchestrator.swift */,
			);
			path = Radio;
			sourceTree = "<group>";
		};
		7D9756B18B04781290BC6507 /* Music */ = {
			isa = PBXGroup;
			children = (
				B0034334CB53C3E7CE0213C8 /* AppleScriptExecutor.swift */,
			);
			path = Music;
			sourceTree = "<group>";
		};
		971490876855A881DC0DF84A /* Frameworks */ = {
			isa = PBXGroup;
			children = (
				53A10060D47AD1B4B46BF389 /* AVFoundation.framework */,
				58975426E0097C0CFE155B8E /* CoreMedia.framework */,
				571281CD47E4CA30F6996F0D /* ScreenCaptureKit.framework */,
			);
			name = Frameworks;
			sourceTree = "<group>";
		};
		B3F2187D0DB3C3839F080282 = {
			isa = PBXGroup;
			children = (
				BDC4881B0601840D9516DFD1 /* AgentBooth */,
				53E41026457537A5DA38B7A3 /* AgentBoothTests */,
				55B7F74A2D203FDBA0D893D9 /* Configurations */,
				971490876855A881DC0DF84A /* Frameworks */,
				2FE4B8FCD37D01DDF1C2B4CE /* Products */,
			);
			sourceTree = "<group>";
		};
		B7D1BBF4E1FD7CFC5B38FE61 /* Services */ = {
			isa = PBXGroup;
			children = (
				6625BB5105293248732DC2B0 /* Audio */,
				1C710841CF2DCAFD87ED0DB5 /* Music */,
				781F8F4E3A4319B553A19B82 /* Radio */,
				4700049B0C2541AD74A07BD0 /* Recording */,
				1DD8CB335B44E1CAC28AE0B5 /* Script */,
				FDE075118B3F1F23B60FFA1B /* TTS */,
			);
			path = Services;
			sourceTree = "<group>";
		};
		BC6D1C4441F580B0159341B4 /* Features */ = {
			isa = PBXGroup;
			children = (
				CAB18AB41E4422B82F67960D /* Main */,
				DB02D37BACB109646CCFC7AB /* Settings */,
			);
			path = Features;
			sourceTree = "<group>";
		};
		BDC4881B0601840D9516DFD1 /* AgentBooth */ = {
			isa = PBXGroup;
			children = (
				633C58B34ED2C9421B9AEAB3 /* AgentBooth.entitlements */,
				052903E6DE3A402F94B8DB42 /* App */,
				0DADC5CB437B016001D87605 /* Domain */,
				BC6D1C4441F580B0159341B4 /* Features */,
				E006355DBFD1D123F19BC4A7 /* Infrastructure */,
				B7D1BBF4E1FD7CFC5B38FE61 /* Services */,
			);
			path = AgentBooth;
			sourceTree = "<group>";
		};
		CAB18AB41E4422B82F67960D /* Main */ = {
			isa = PBXGroup;
			children = (
				6660A0E06C3D5BB0B6620C55 /* ContentView.swift */,
				3D295064BBE2EC05B0F44A82 /* MainViewModel.swift */,
			);
			path = Main;
			sourceTree = "<group>";
		};
		DB02D37BACB109646CCFC7AB /* Settings */ = {
			isa = PBXGroup;
			children = (
				0F8CB3678DB8059939D9C8C5 /* SettingsView.swift */,
			);
			path = Settings;
			sourceTree = "<group>";
		};
		E006355DBFD1D123F19BC4A7 /* Infrastructure */ = {
			isa = PBXGroup;
			children = (
				7D9756B18B04781290BC6507 /* Music */,
				6C4610A9203D35B7E74AAFCD /* Settings */,
			);
			path = Infrastructure;
			sourceTree = "<group>";
		};
		FDE075118B3F1F23B60FFA1B /* TTS */ = {
			isa = PBXGroup;
			children = (
				0B009A546A5FAF2C679BE410 /* GeminiTTSService.swift */,
			);
			path = TTS;
			sourceTree = "<group>";
		};
/* End PBXGroup section */

/* Begin PBXNativeTarget section */
		19ACB207AB9FCC566E3EECA0 /* AgentBoothTests */ = {
			isa = PBXNativeTarget;
			buildConfigurationList = 47ACC8BB8F217BC8F4C6C7D8 /* Build configuration list for PBXNativeTarget "AgentBoothTests" */;
			buildPhases = (
				90F06FECA1772377D9EF7921 /* Sources */,
			);
			buildRules = (
			);
			dependencies = (
				E0B2D140E298FCEA1A7E4D2F /* PBXTargetDependency */,
			);
			name = AgentBoothTests;
			packageProductDependencies = (
			);
			productName = AgentBoothTests;
			productReference = E3BD548FFD67212BA64CAF3B /* AgentBoothTests.xctest */;
			productType = "com.apple.product-type.bundle.unit-test";
		};
		6E51503FBC971898DEDB9525 /* AgentBooth */ = {
			isa = PBXNativeTarget;
			buildConfigurationList = 4ED951AABD9478FB71F9942E /* Build configuration list for PBXNativeTarget "AgentBooth" */;
			buildPhases = (
				E864D74EECC3785BE4BD007E /* Sources */,
				6E3895F76428CEBD92202513 /* Frameworks */,
			);
			buildRules = (
			);
			dependencies = (
			);
			name = AgentBooth;
			packageProductDependencies = (
			);
			productName = AgentBooth;
			productReference = E8950BBEDA233AFFA12AC842 /* AgentBooth.app */;
			productType = "com.apple.product-type.application";
		};
/* End PBXNativeTarget section */

/* Begin PBXProject section */
		08494898E4A4512F4D6DA865 /* Project object */ = {
			isa = PBXProject;
			attributes = {
				BuildIndependentTargetsInParallel = YES;
				LastUpgradeCheck = 1430;
				TargetAttributes = {
					6E51503FBC971898DEDB9525 = {
						ProvisioningStyle = Automatic;
					};
				};
			};
			buildConfigurationList = F228E37FEC170DF0F05AC14A /* Build configuration list for PBXProject "AgentBooth" */;
			developmentRegion = en;
			hasScannedForEncodings = 0;
			knownRegions = (
				Base,
				en,
			);
			mainGroup = B3F2187D0DB3C3839F080282;
			minimizedProjectReferenceProxies = 1;
			preferredProjectObjectVersion = 77;
			productRefGroup = 2FE4B8FCD37D01DDF1C2B4CE /* Products */;
			projectDirPath = "";
			projectRoot = "";
			targets = (
				6E51503FBC971898DEDB9525 /* AgentBooth */,
				19ACB207AB9FCC566E3EECA0 /* AgentBoothTests */,
			);
		};
/* End PBXProject section */

/* Begin PBXSourcesBuildPhase section */
		90F06FECA1772377D9EF7921 /* Sources */ = {
			isa = PBXSourcesBuildPhase;
			buildActionMask = 2147483647;
			files = (
				E01A194D757B60EF31AEA51A /* AppSettingsStoreTests.swift in Sources */,
				AFCF917E7CA4BE98C2E962A2 /* GeminiRetryPolicyTests.swift in Sources */,
				1541EE70C59B10C54FA94D02 /* MainViewModelTests.swift in Sources */,
				294A4688A57ABCE46E0FBA5F /* PrimaryControlStateTests.swift in Sources */,
				8AFA2989D3540DB0ED7B825F /* ProcessScriptGenerationServiceTests.swift in Sources */,
				3B60952A6D03E382F8B7FBDF /* RadioOrchestratorTests.swift in Sources */,
				C2E203168E6B66F11C887BE9 /* ScriptCommandBuilderTests.swift in Sources */,
				DCE0F83758699C7A9C3CD6E7 /* TestDoubles.swift in Sources */,
			);
			runOnlyForDeploymentPostprocessing = 0;
		};
		E864D74EECC3785BE4BD007E /* Sources */ = {
			isa = PBXSourcesBuildPhase;
			buildActionMask = 2147483647;
			files = (
				3EFE8DA04411390A5860523A /* AgentBoothApp.swift in Sources */,
				4522F62CB093FF281D651C07 /* AppServiceContainer.swift in Sources */,
				57918480D551301E9AC01429 /* AppSettingsStore.swift in Sources */,
				C3C62647B02BF4B636812DA3 /* AppleMusicService.swift in Sources */,
				4692DE91A11C64755EEF0A3A /* AppleScriptExecutor.swift in Sources */,
				E79C9EEA74E219FEBB943867 /* ContentView.swift in Sources */,
				9792D589885A62488DC945DC /* GeminiTTSService.swift in Sources */,
				6CC2B90D70D8E8CA136B3252 /* KeychainStore.swift in Sources */,
				483EF38C595DEDECE64A292A /* MainViewModel.swift in Sources */,
				2BFFB6D78A1FEE04832B17F6 /* Models.swift in Sources */,
				E0FAE1567D838876CF736668 /* ProcessScriptGenerationService.swift in Sources */,
				7D84E7A8CF330A6F91EA20AB /* PromptBuilder.swift in Sources */,
				317EB41280CA3DC0D5B8EEE7 /* Protocols.swift in Sources */,
				1B36E1DDDCCC04D2FE2498D5 /* RadioOrchestrator.swift in Sources */,
				DDD6D76DE783A43D072FC600 /* SettingsView.swift in Sources */,
				905708471A8F991C459FEE98 /* SystemAudioCaptureService.swift in Sources */,
				07359B4E2519327F6B826245 /* SystemAudioPlaybackService.swift in Sources */,
			);
			runOnlyForDeploymentPostprocessing = 0;
		};
/* End PBXSourcesBuildPhase section */

/* Begin PBXTargetDependency section */
		E0B2D140E298FCEA1A7E4D2F /* PBXTargetDependency */ = {
			isa = PBXTargetDependency;
			target = 6E51503FBC971898DEDB9525 /* AgentBooth */;
			targetProxy = 9A0DE15F334F4CD2B0B7169A /* PBXContainerItemProxy */;
		};
/* End PBXTargetDependency section */

/* Begin XCBuildConfiguration section */
		13C33725CC4525E1AD5EB7FA /* Debug */ = {
			isa = XCBuildConfiguration;
			baseConfigurationReference = D499D54135ECCF1B538D617F /* DevelopmentTeam.xcconfig */;
			buildSettings = {
				BUNDLE_LOADER = "$(TEST_HOST)";
				COMBINE_HIDPI_IMAGES = YES;
				GENERATE_INFOPLIST_FILE = YES;
				LD_RUNPATH_SEARCH_PATHS = (
					"$(inherited)",
					"@executable_path/../Frameworks",
					"@loader_path/../Frameworks",
				);
				MACOSX_DEPLOYMENT_TARGET = 14.0;
				PRODUCT_BUNDLE_IDENTIFIER = com.dmng.AgentBoothTests;
				SDKROOT = macosx;
				TEST_HOST = "$(BUILT_PRODUCTS_DIR)/AgentBooth.app/Contents/MacOS/AgentBooth";
			};
			name = Debug;
		};
		C2987881070C2DBBDBF46FDC /* Release */ = {
			isa = XCBuildConfiguration;
			baseConfigurationReference = D499D54135ECCF1B538D617F /* DevelopmentTeam.xcconfig */;
			buildSettings = {
				BUNDLE_LOADER = "$(TEST_HOST)";
				COMBINE_HIDPI_IMAGES = YES;
				GENERATE_INFOPLIST_FILE = YES;
				LD_RUNPATH_SEARCH_PATHS = (
					"$(inherited)",
					"@executable_path/../Frameworks",
					"@loader_path/../Frameworks",
				);
				MACOSX_DEPLOYMENT_TARGET = 14.0;
				PRODUCT_BUNDLE_IDENTIFIER = com.dmng.AgentBoothTests;
				SDKROOT = macosx;
				TEST_HOST = "$(BUILT_PRODUCTS_DIR)/AgentBooth.app/Contents/MacOS/AgentBooth";
			};
			name = Release;
		};
		C818906D319213ED7F0C90F5 /* Release */ = {
			isa = XCBuildConfiguration;
			baseConfigurationReference = D499D54135ECCF1B538D617F /* DevelopmentTeam.xcconfig */;
			buildSettings = {
				ASSETCATALOG_COMPILER_APPICON_NAME = AppIcon;
				CODE_SIGN_ENTITLEMENTS = AgentBooth/AgentBooth.entitlements;
				CODE_SIGN_STYLE = Automatic;
				COMBINE_HIDPI_IMAGES = YES;
				ENABLE_APP_SANDBOX = NO;
				ENABLE_HARDENED_RUNTIME = YES;
				GENERATE_INFOPLIST_FILE = YES;
				INFOPLIST_KEY_CFBundleDisplayName = AgentBooth;
				INFOPLIST_KEY_LSApplicationCategoryType = "public.app-category.music";
				INFOPLIST_KEY_NSAppleEventsUsageDescription = "AgentBooth needs automation access to Music.app to control playlist playback.";
				INFOPLIST_KEY_NSScreenCaptureUsageDescription = "AgentBooth が番組の音声を録音するためにシステム音声のキャプチャを使用します。";
				LD_RUNPATH_SEARCH_PATHS = (
					"$(inherited)",
					"@executable_path/../Frameworks",
				);
				MACOSX_DEPLOYMENT_TARGET = 14.0;
				PRODUCT_BUNDLE_IDENTIFIER = com.dmng.AgentBooth;
				PRODUCT_NAME = AgentBooth;
				SDKROOT = macosx;
			};
			name = Release;
		};
		D4E52DD0BB9A0A3CF2DF97CE /* Debug */ = {
			isa = XCBuildConfiguration;
			buildSettings = {
				ALWAYS_SEARCH_USER_PATHS = NO;
				CLANG_ANALYZER_NONNULL = YES;
				CLANG_ANALYZER_NUMBER_OBJECT_CONVERSION = YES_AGGRESSIVE;
				CLANG_CXX_LANGUAGE_STANDARD = "gnu++14";
				CLANG_CXX_LIBRARY = "libc++";
				CLANG_ENABLE_MODULES = YES;
				CLANG_ENABLE_OBJC_ARC = YES;
				CLANG_ENABLE_OBJC_WEAK = YES;
				CLANG_WARN_BLOCK_CAPTURE_AUTORELEASING = YES;
				CLANG_WARN_BOOL_CONVERSION = YES;
				CLANG_WARN_COMMA = YES;
				CLANG_WARN_CONSTANT_CONVERSION = YES;
				CLANG_WARN_DEPRECATED_OBJC_IMPLEMENTATIONS = YES;
				CLANG_WARN_DIRECT_OBJC_ISA_USAGE = YES_ERROR;
				CLANG_WARN_DOCUMENTATION_COMMENTS = YES;
				CLANG_WARN_EMPTY_BODY = YES;
				CLANG_WARN_ENUM_CONVERSION = YES;
				CLANG_WARN_INFINITE_RECURSION = YES;
				CLANG_WARN_INT_CONVERSION = YES;
				CLANG_WARN_NON_LITERAL_NULL_CONVERSION = YES;
				CLANG_WARN_OBJC_IMPLICIT_RETAIN_SELF = YES;
				CLANG_WARN_OBJC_LITERAL_CONVERSION = YES;
				CLANG_WARN_OBJC_ROOT_CLASS = YES_ERROR;
				CLANG_WARN_QUOTED_INCLUDE_IN_FRAMEWORK_HEADER = YES;
				CLANG_WARN_RANGE_LOOP_ANALYSIS = YES;
				CLANG_WARN_STRICT_PROTOTYPES = YES;
				CLANG_WARN_SUSPICIOUS_MOVE = YES;
				CLANG_WARN_UNGUARDED_AVAILABILITY = YES_AGGRESSIVE;
				CLANG_WARN_UNREACHABLE_CODE = YES;
				CLANG_WARN__DUPLICATE_METHOD_MATCH = YES;
				COPY_PHASE_STRIP = NO;
				DEBUG_INFORMATION_FORMAT = dwarf;
				ENABLE_STRICT_OBJC_MSGSEND = YES;
				ENABLE_TESTABILITY = YES;
				GCC_C_LANGUAGE_STANDARD = gnu11;
				GCC_DYNAMIC_NO_PIC = NO;
				GCC_NO_COMMON_BLOCKS = YES;
				GCC_OPTIMIZATION_LEVEL = 0;
				GCC_PREPROCESSOR_DEFINITIONS = (
					"$(inherited)",
					"DEBUG=1",
				);
				GCC_WARN_64_TO_32_BIT_CONVERSION = YES;
				GCC_WARN_ABOUT_RETURN_TYPE = YES_ERROR;
				GCC_WARN_UNDECLARED_SELECTOR = YES;
				GCC_WARN_UNINITIALIZED_AUTOS = YES_AGGRESSIVE;
				GCC_WARN_UNUSED_FUNCTION = YES;
				GCC_WARN_UNUSED_VARIABLE = YES;
				MACOSX_DEPLOYMENT_TARGET = 14.0;
				MTL_ENABLE_DEBUG_INFO = INCLUDE_SOURCE;
				MTL_FAST_MATH = YES;
				ONLY_ACTIVE_ARCH = YES;
				PRODUCT_NAME = "$(TARGET_NAME)";
				SDKROOT = macosx;
				SWIFT_ACTIVE_COMPILATION_CONDITIONS = DEBUG;
				SWIFT_OPTIMIZATION_LEVEL = "-Onone";
				SWIFT_VERSION = 5.10;
			};
			name = Debug;
		};
		E1A153B9D8056AB4555F1B21 /* Release */ = {
			isa = XCBuildConfiguration;
			buildSettings = {
				ALWAYS_SEARCH_USER_PATHS = NO;
				CLANG_ANALYZER_NONNULL = YES;
				CLANG_ANALYZER_NUMBER_OBJECT_CONVERSION = YES_AGGRESSIVE;
				CLANG_CXX_LANGUAGE_STANDARD = "gnu++14";
				CLANG_CXX_LIBRARY = "libc++";
				CLANG_ENABLE_MODULES = YES;
				CLANG_ENABLE_OBJC_ARC = YES;
				CLANG_ENABLE_OBJC_WEAK = YES;
				CLANG_WARN_BLOCK_CAPTURE_AUTORELEASING = YES;
				CLANG_WARN_BOOL_CONVERSION = YES;
				CLANG_WARN_COMMA = YES;
				CLANG_WARN_CONSTANT_CONVERSION = YES;
				CLANG_WARN_DEPRECATED_OBJC_IMPLEMENTATIONS = YES;
				CLANG_WARN_DIRECT_OBJC_ISA_USAGE = YES_ERROR;
				CLANG_WARN_DOCUMENTATION_COMMENTS = YES;
				CLANG_WARN_EMPTY_BODY = YES;
				CLANG_WARN_ENUM_CONVERSION = YES;
				CLANG_WARN_INFINITE_RECURSION = YES;
				CLANG_WARN_INT_CONVERSION = YES;
				CLANG_WARN_NON_LITERAL_NULL_CONVERSION = YES;
				CLANG_WARN_OBJC_IMPLICIT_RETAIN_SELF = YES;
				CLANG_WARN_OBJC_LITERAL_CONVERSION = YES;
				CLANG_WARN_OBJC_ROOT_CLASS = YES_ERROR;
				CLANG_WARN_QUOTED_INCLUDE_IN_FRAMEWORK_HEADER = YES;
				CLANG_WARN_RANGE_LOOP_ANALYSIS = YES;
				CLANG_WARN_STRICT_PROTOTYPES = YES;
				CLANG_WARN_SUSPICIOUS_MOVE = YES;
				CLANG_WARN_UNGUARDED_AVAILABILITY = YES_AGGRESSIVE;
				CLANG_WARN_UNREACHABLE_CODE = YES;
				CLANG_WARN__DUPLICATE_METHOD_MATCH = YES;
				COPY_PHASE_STRIP = NO;
				DEBUG_INFORMATION_FORMAT = "dwarf-with-dsym";
				ENABLE_NS_ASSERTIONS = NO;
				ENABLE_STRICT_OBJC_MSGSEND = YES;
				GCC_C_LANGUAGE_STANDARD = gnu11;
				GCC_NO_COMMON_BLOCKS = YES;
				GCC_WARN_64_TO_32_BIT_CONVERSION = YES;
				GCC_WARN_ABOUT_RETURN_TYPE = YES_ERROR;
				GCC_WARN_UNDECLARED_SELECTOR = YES;
				GCC_WARN_UNINITIALIZED_AUTOS = YES_AGGRESSIVE;
				GCC_WARN_UNUSED_FUNCTION = YES;
				GCC_WARN_UNUSED_VARIABLE = YES;
				MACOSX_DEPLOYMENT_TARGET = 14.0;
				MTL_ENABLE_DEBUG_INFO = NO;
				MTL_FAST_MATH = YES;
				PRODUCT_NAME = "$(TARGET_NAME)";
				SDKROOT = macosx;
				SWIFT_COMPILATION_MODE = wholemodule;
				SWIFT_OPTIMIZATION_LEVEL = "-O";
				SWIFT_VERSION = 5.10;
			};
			name = Release;
		};
		EB7C0D5C3B3A8F5C4709A1C6 /* Debug */ = {
			isa = XCBuildConfiguration;
			baseConfigurationReference = D499D54135ECCF1B538D617F /* DevelopmentTeam.xcconfig */;
			buildSettings = {
				ASSETCATALOG_COMPILER_APPICON_NAME = AppIcon;
				CODE_SIGN_ENTITLEMENTS = AgentBooth/AgentBooth.entitlements;
				CODE_SIGN_STYLE = Automatic;
				COMBINE_HIDPI_IMAGES = YES;
				ENABLE_APP_SANDBOX = NO;
				ENABLE_HARDENED_RUNTIME = YES;
				GENERATE_INFOPLIST_FILE = YES;
				INFOPLIST_KEY_CFBundleDisplayName = AgentBooth;
				INFOPLIST_KEY_LSApplicationCategoryType = "public.app-category.music";
				INFOPLIST_KEY_NSAppleEventsUsageDescription = "AgentBooth needs automation access to Music.app to control playlist playback.";
				INFOPLIST_KEY_NSScreenCaptureUsageDescription = "AgentBooth が番組の音声を録音するためにシステム音声のキャプチャを使用します。";
				LD_RUNPATH_SEARCH_PATHS = (
					"$(inherited)",
					"@executable_path/../Frameworks",
				);
				MACOSX_DEPLOYMENT_TARGET = 14.0;
				PRODUCT_BUNDLE_IDENTIFIER = com.dmng.AgentBooth;
				PRODUCT_NAME = AgentBooth;
				SDKROOT = macosx;
			};
			name = Debug;
		};
/* End XCBuildConfiguration section */

/* Begin XCConfigurationList section */
		47ACC8BB8F217BC8F4C6C7D8 /* Build configuration list for PBXNativeTarget "AgentBoothTests" */ = {
			isa = XCConfigurationList;
			buildConfigurations = (
				13C33725CC4525E1AD5EB7FA /* Debug */,
				C2987881070C2DBBDBF46FDC /* Release */,
			);
			defaultConfigurationIsVisible = 0;
			defaultConfigurationName = Debug;
		};
		4ED951AABD9478FB71F9942E /* Build configuration list for PBXNativeTarget "AgentBooth" */ = {
			isa = XCConfigurationList;
			buildConfigurations = (
				EB7C0D5C3B3A8F5C4709A1C6 /* Debug */,
				C818906D319213ED7F0C90F5 /* Release */,
			);
			defaultConfigurationIsVisible = 0;
			defaultConfigurationName = Debug;
		};
		F228E37FEC170DF0F05AC14A /* Build configuration list for PBXProject "AgentBooth" */ = {
			isa = XCConfigurationList;
			buildConfigurations = (
				D4E52DD0BB9A0A3CF2DF97CE /* Debug */,
				E1A153B9D8056AB4555F1B21 /* Release */,
			);
			defaultConfigurationIsVisible = 0;
			defaultConfigurationName = Debug;
		};
/* End XCConfigurationList section */
	};
	rootObject = 08494898E4A4512F4D6DA865 /* Project object */;
}
